{
  "version": 4,
  "terraform_version": "1.11.2",
  "serial": 30,
  "lineage": "e8714c95-faca-e0d1-b317-ac9eff0322cf",
  "outputs": {
    "api_endpoints": {
      "value": [
        "https://0bcbefd0-f045-430a-a2e0-4ed8d39872dd.us-east-3-gw.linodelke.net:443",
        "https://0bcbefd0-f045-430a-a2e0-4ed8d39872dd.us-east-3-gw.linodelke.net:6443"
      ],
      "type": [
        "list",
        "string"
      ]
    },
    "datadog_dashboard_id": {
      "value": "ws6-x8e-2i6",
      "type": "string"
    },
    "id": {
      "value": "388315",
      "type": "string"
    },
    "kubeconfig_debug": {
      "value": "CmFwaVZlcnNpb246IHYxCmtpbmQ6IENvbmZpZwpwcmVmZXJlbmNlczoge30KCmNsdXN0ZXJzOgotIGNsdXN0ZXI6CiAgICBjZXJ0aWZpY2F0ZS1hdXRob3JpdHktZGF0YTogTFMwdExTMUNSVWRKVGlCRFJWSlVTVVpKUTBGVVJTMHRMUzB0Q2sxSlNVUkNWRU5EUVdVeVowRjNTVUpCWjBsSllVZHVOSGxVU1dWV1lqaDNSRkZaU2t0dldrbG9kbU5PUVZGRlRFSlJRWGRHVkVWVVRVSkZSMEV4VlVVS1FYaE5TMkV6Vm1sYVdFcDFXbGhTYkdONlFXVkdkekI1VGxSQk1FMUVSWGROZWswMVRsUm9ZVVozTUhwT1ZFRjZUWHBCZDAxNlVUQk9WR2hoVFVKVmVBcEZla0ZTUW1kT1ZrSkJUVlJEYlhReFdXMVdlV0p0VmpCYVdFMTNaMmRGYVUxQk1FZERVM0ZIVTBsaU0wUlJSVUpCVVZWQlFUUkpRa1IzUVhkblowVkxDa0Z2U1VKQlVVTndPRXRXT0VkaFRVMHlla1ZIWXpJNWFtTXZRbXAyVlVsNE9XdHZNazR3YlhNd2JqWnNlV28zWWxkTldVeHhORmt2Ym1WeGRDOXRjamtLVkZWbldEaHpibXhNY2pCS1VYaFJUbVJTTTNCRmNXTkRhbXhLYzFJMlpXNVZiVlpoUjNsdGNGVXJlSEkwVlVSamJUTXhSMVJ6WlVsSFZWSlVPRlE1ZUFwSlJrc3pVaXR6TkRWb1oyMXZPWEl6YjJGd2EyUnZSa3BMY0hCd1ozQXZWVWhsVTNKcGFGVTNiR2hoY2xaeFluUnRVVXRzZW5wTlRrSldaalozWTJOeUNteGtXWGhvWWpBMFoxTlBialp3YURSVk9FNU1RME00TURkRksxSm5hRTloWmpaemQxcG1ja1puUTNCdWJVaHpXaTlXWjI1Sk1HOW1SekZTZUVoTlNFWUtjVzFEWTFWbVpuWTJkakJNVEZSTGNGRldiMWxHT0U5VmNtcGlOVEUyTTI1Q1duRkdTalU1S3l0NVYwMVROMlJRWVVNcldHbEdSV2gwVEcxUlFsSnFNd3BtY1ZsbVpubHVlUzhyVmt4MVJrNXVXRzlxVEVobU5saHhkbTFLUVdkTlFrRkJSMnBYVkVKWVRVRTBSMEV4VldSRWQwVkNMM2RSUlVGM1NVTndSRUZRQ2tKblRsWklVazFDUVdZNFJVSlVRVVJCVVVndlRVSXdSMEV4VldSRVoxRlhRa0pSY0U5QlJHbGhURzVLWjJ0dE56SXpWMFV3WVdWNVVXTlRNMk5FUVZZS1FtZE9Wa2hTUlVWRWFrRk5aMmR3Y21SWFNteGpiVFZzWkVkV2VrMUJNRWREVTNGSFUwbGlNMFJSUlVKRGQxVkJRVFJKUWtGUlEySTFUelZuT1dKdlV3cFZUMng0U0ZOS2RqTkxVVWt3ZEZWcWNXb3pkRzVsV0c0eVNEQmhORmxLYVRkbE0wVjBaVGR2TUdVMGQyTlJXakkwUkc5c09ETklabTEyUjB4S2JXdFVDblJQT0ZSR1QwVkxWM05sYzBKUVlYQlJNMGRYZGt4NE1ITklhVEYzYlVONVNWRjBhbVJzTWxSWFVVUTJTVWxPYkN0R0x6QkRNMDFWVDJZeldHeHZNMDRLUlZWemMycEtXamh4TVZwcFJWUmhUeXRMTVRaTmVFbFFaVlJFZVhWcFdVbGxhRU55T0dWcVZESjNTbE41UTFCb1RrczRabkY0VjFaVlZISnNRUzlSVWdvdlRrRkdUMUJ0V0U5VmNHMTJXSGh6VW1KQlUxSjJUbVozVURWaVlTOVBhbGxYWVdoalUwSTNNQzl4VkRKUlIwb3dRemRQT0V0b1FYZGpNbUprTUVZckNrNXJTM3BYZUZSb1dFZzJTWFUxUW01aGMwdGxWMU54UzAxSlFYWlNRV295VHpCa2NYbHdMMlY1YVV4ak5FTTVaM2x3WWtwck15dDVNVTV4Vlc5T1NUa0tVVXR1YkRkNFlsY3ZaR3hpQ2kwdExTMHRSVTVFSUVORlVsUkpSa2xEUVZSRkxTMHRMUzBLCiAgICBzZXJ2ZXI6IGh0dHBzOi8vMGJjYmVmZDAtZjA0NS00MzBhLWEyZTAtNGVkOGQzOTg3MmRkLnVzLWVhc3QtMy1ndy5saW5vZGVsa2UubmV0OjQ0MwogIG5hbWU6IGxrZTM4ODMxNQoKdXNlcnM6Ci0gbmFtZTogbGtlMzg4MzE1LWFkbWluCiAgdXNlcjoKICAgIGFzLXVzZXItZXh0cmE6IHt9CiAgICB0b2tlbjogZXlKaGJHY2lPaUpTVXpJMU5pSXNJbXRwWkNJNklrUjNXVzV0VFdsb1RWUm1NV2h3ZWs5RldraDBaMEpNT0dSalRqVnRXSE5qVm1admVVMVllWEJqTkUwaWZRLmV5SnBjM01pT2lKcmRXSmxjbTVsZEdWekwzTmxjblpwWTJWaFkyTnZkVzUwSWl3aWEzVmlaWEp1WlhSbGN5NXBieTl6WlhKMmFXTmxZV05qYjNWdWRDOXVZVzFsYzNCaFkyVWlPaUpyZFdKbExYTjVjM1JsYlNJc0ltdDFZbVZ5Ym1WMFpYTXVhVzh2YzJWeWRtbGpaV0ZqWTI5MWJuUXZjMlZqY21WMExtNWhiV1VpT2lKc2EyVXRZV1J0YVc0dGRHOXJaVzR0TWpKcmMyTWlMQ0pyZFdKbGNtNWxkR1Z6TG1sdkwzTmxjblpwWTJWaFkyTnZkVzUwTDNObGNuWnBZMlV0WVdOamIzVnVkQzV1WVcxbElqb2liR3RsTFdGa2JXbHVJaXdpYTNWaVpYSnVaWFJsY3k1cGJ5OXpaWEoyYVdObFlXTmpiM1Z1ZEM5elpYSjJhV05sTFdGalkyOTFiblF1ZFdsa0lqb2lZVFprTWprM09XTXRZbU01WkMwME1EUXhMV0ZtTVRZdE1UZzRORFl5TUdSbVlUSmlJaXdpYzNWaUlqb2ljM2x6ZEdWdE9uTmxjblpwWTJWaFkyTnZkVzUwT210MVltVXRjM2x6ZEdWdE9teHJaUzFoWkcxcGJpSjkud3pVU2V4X24zT2ZtQ24zU3NNYlRvdy1RaDJxam1peHcyaVNRamhFWDMtSWppR2dlTmRyeTAzRkNQVW9hRnItZFpoYnpDZWdicF93MjlOUGpPbDl1eUQ0V1ZMenNWV2M5clVhamtncTRqeUMtb1VvdFVQQnpQd1N0dkVQaVdiWWc5bTRQV3B5R2p2THZNRGdKQkFnRWlENEU2aGtyTWd4U2hzc29zbkRKQklkM0dqZTYtcnhDTnRhSU5tV256Q09aUFJGTDg5WENFNFhfaDNjRXkxU1Z3MlRDX1hTUF9qOHp1Q2lfT3RwV0lRSS1ITDBfVXhlS09QRkttd2tZRU9mTmRmM2VKX2hfdDV0b2hUYTJLdDE0R2xuSjZMZl8tcG81czhFR0hsYW9qajlYNWFMRHFDdFEyU21aNFpCZlBHVzEweG1vQkZTS08wU1JQYVFScEVCSldRCgpjb250ZXh0czoKLSBjb250ZXh0OgogICAgY2x1c3RlcjogbGtlMzg4MzE1CiAgICBuYW1lc3BhY2U6IGRlZmF1bHQKICAgIHVzZXI6IGxrZTM4ODMxNS1hZG1pbgogIG5hbWU6IGxrZTM4ODMxNS1jdHgKCmN1cnJlbnQtY29udGV4dDogbGtlMzg4MzE1LWN0eAo=",
      "type": "string",
      "sensitive": true
    },
    "kubeconfig_path": {
      "value": "./tallerlitmus-lke-cluster-demo-kubeconfig.yaml",
      "type": "string"
    },
    "linode_volume_id": {
      "value": "8905362",
      "type": "string"
    },
    "load_balancer_endpoint": {
      "value": "45.79.230.112",
      "type": "string"
    },
    "nodebalancer_address_debug": {
      "value": "45.79.230.112:6443",
      "type": "string"
    },
    "persistent_volume_claim_name": {
      "value": "db-pvc",
      "type": "string"
    },
    "persistent_volume_name": {
      "value": "db-pv-test",
      "type": "string"
    },
    "pool": {
      "value": [
        {
          "autoscaler": [],
          "count": 2,
          "id": 594894,
          "nodes": [
            {
              "id": "594894-03b722ea0000",
              "instance_id": 74462902,
              "status": "ready"
            },
            {
              "id": "594894-41810d320000",
              "instance_id": 74462898,
              "status": "ready"
            }
          ],
          "type": "g6-standard-2"
        },
        {
          "autoscaler": [],
          "count": 1,
          "id": 594895,
          "nodes": [
            {
              "id": "594895-1f8b61350000",
              "instance_id": 74462900,
              "status": "ready"
            }
          ],
          "type": "g6-standard-1"
        },
        {
          "autoscaler": [],
          "count": 1,
          "id": 594896,
          "nodes": [
            {
              "id": "594896-5f82566a0000",
              "instance_id": 74462899,
              "status": "ready"
            }
          ],
          "type": "g6-standard-2"
        }
      ],
      "type": [
        "list",
        [
          "object",
          {
            "autoscaler": [
              "list",
              [
                "object",
                {
                  "max": "number",
                  "min": "number"
                }
              ]
            ],
            "count": "number",
            "id": "number",
            "nodes": [
              "list",
              [
                "object",
                {
                  "id": "string",
                  "instance_id": "number",
                  "status": "string"
                }
              ]
            ],
            "type": "string"
          }
        ]
      ]
    },
    "postgresql_pod_name": {
      "value": "db",
      "type": "string"
    },
    "proxy_ipv4_debug": {
      "value": [
        "192.168.222.190",
        "97.107.130.100"
      ],
      "type": [
        "list",
        "string"
      ]
    },
    "proxy_private_ip": {
      "value": "192.168.222.190",
      "type": "string"
    },
    "proxy_public_ip": {
      "value": "97.107.130.100",
      "type": "string"
    },
    "status": {
      "value": "ready",
      "type": "string"
    }
  },
  "resources": [
    {
      "mode": "managed",
      "type": "datadog_dashboard",
      "name": "k8s_dashboard",
      "provider": "provider[\"registry.terraform.io/datadog/datadog\"]",
      "instances": [
        {
          "schema_version": 0,
          "attributes": {
            "dashboard_lists": null,
            "dashboard_lists_removed": [],
            "description": "Dashboard for monitoring the Kubernetes cluster and Linode resources",
            "id": "ws6-x8e-2i6",
            "is_read_only": false,
            "layout_type": "ordered",
            "notify_list": null,
            "reflow_type": "",
            "restricted_roles": null,
            "template_variable": [],
            "template_variable_preset": [],
            "title": "Kubernetes Cluster Dashboard",
            "url": "/dashboard/ws6-x8e-2i6/kubernetes-cluster-dashboard",
            "widget": [
              {
                "alert_graph_definition": [],
                "alert_value_definition": [],
                "change_definition": [],
                "check_status_definition": [],
                "distribution_definition": [],
                "event_stream_definition": [],
                "event_timeline_definition": [],
                "free_text_definition": [],
                "geomap_definition": [],
                "group_definition": [],
                "heatmap_definition": [],
                "hostmap_definition": [],
                "id": 3768164357377272,
                "iframe_definition": [],
                "image_definition": [],
                "list_stream_definition": [],
                "log_stream_definition": [],
                "manage_status_definition": [],
                "note_definition": [],
                "query_table_definition": [],
                "query_value_definition": [],
                "scatterplot_definition": [],
                "service_level_objective_definition": [],
                "servicemap_definition": [],
                "slo_list_definition": [],
                "sunburst_definition": [],
                "timeseries_definition": [
                  {
                    "custom_link": [],
                    "event": [],
                    "legend_columns": null,
                    "legend_layout": "",
                    "legend_size": "",
                    "live_span": "",
                    "marker": [],
                    "request": [
                      {
                        "apm_query": [],
                        "audit_query": [],
                        "display_type": "line",
                        "formula": [],
                        "log_query": [],
                        "metadata": [],
                        "network_query": [],
                        "on_right_yaxis": false,
                        "process_query": [],
                        "q": "avg:kubernetes.cpu.usage.total{*} by {node}",
                        "query": [],
                        "rum_query": [],
                        "security_query": [],
                        "style": []
                      }
                    ],
                    "right_yaxis": [],
                    "show_legend": false,
                    "title": "Kubernetes Nodes CPU Usage",
                    "title_align": "",
                    "title_size": "",
                    "yaxis": []
                  }
                ],
                "toplist_definition": [],
                "topology_map_definition": [],
                "trace_service_definition": [],
                "treemap_definition": [],
                "widget_layout": []
              },
              {
                "alert_graph_definition": [],
                "alert_value_definition": [],
                "change_definition": [],
                "check_status_definition": [],
                "distribution_definition": [],
                "event_stream_definition": [],
                "event_timeline_definition": [],
                "free_text_definition": [],
                "geomap_definition": [],
                "group_definition": [],
                "heatmap_definition": [],
                "hostmap_definition": [],
                "id": 5990771619341416,
                "iframe_definition": [],
                "image_definition": [],
                "list_stream_definition": [],
                "log_stream_definition": [],
                "manage_status_definition": [],
                "note_definition": [],
                "query_table_definition": [],
                "query_value_definition": [],
                "scatterplot_definition": [],
                "service_level_objective_definition": [],
                "servicemap_definition": [],
                "slo_list_definition": [],
                "sunburst_definition": [],
                "timeseries_definition": [
                  {
                    "custom_link": [],
                    "event": [],
                    "legend_columns": null,
                    "legend_layout": "",
                    "legend_size": "",
                    "live_span": "",
                    "marker": [],
                    "request": [
                      {
                        "apm_query": [],
                        "audit_query": [],
                        "display_type": "line",
                        "formula": [],
                        "log_query": [],
                        "metadata": [],
                        "network_query": [],
                        "on_right_yaxis": false,
                        "process_query": [],
                        "q": "avg:kubernetes.memory.usage{*} by {pod_name}",
                        "query": [],
                        "rum_query": [],
                        "security_query": [],
                        "style": []
                      }
                    ],
                    "right_yaxis": [],
                    "show_legend": false,
                    "title": "Kubernetes Pods Memory Usage",
                    "title_align": "",
                    "title_size": "",
                    "yaxis": []
                  }
                ],
                "toplist_definition": [],
                "topology_map_definition": [],
                "trace_service_definition": [],
                "treemap_definition": [],
                "widget_layout": []
              },
              {
                "alert_graph_definition": [],
                "alert_value_definition": [],
                "change_definition": [],
                "check_status_definition": [],
                "distribution_definition": [],
                "event_stream_definition": [],
                "event_timeline_definition": [],
                "free_text_definition": [],
                "geomap_definition": [],
                "group_definition": [],
                "heatmap_definition": [],
                "hostmap_definition": [],
                "id": 3006038934989258,
                "iframe_definition": [],
                "image_definition": [],
                "list_stream_definition": [],
                "log_stream_definition": [],
                "manage_status_definition": [],
                "note_definition": [],
                "query_table_definition": [],
                "query_value_definition": [],
                "scatterplot_definition": [],
                "service_level_objective_definition": [],
                "servicemap_definition": [],
                "slo_list_definition": [],
                "sunburst_definition": [],
                "timeseries_definition": [
                  {
                    "custom_link": [],
                    "event": [],
                    "legend_columns": null,
                    "legend_layout": "",
                    "legend_size": "",
                    "live_span": "",
                    "marker": [],
                    "request": [
                      {
                        "apm_query": [],
                        "audit_query": [],
                        "display_type": "line",
                        "formula": [],
                        "log_query": [],
                        "metadata": [],
                        "network_query": [],
                        "on_right_yaxis": false,
                        "process_query": [],
                        "q": "avg:system.cpu.user{host:97.107.130.100}",
                        "query": [],
                        "rum_query": [],
                        "security_query": [],
                        "style": []
                      }
                    ],
                    "right_yaxis": [],
                    "show_legend": false,
                    "title": "Linode Proxy CPU Usage",
                    "title_align": "",
                    "title_size": "",
                    "yaxis": []
                  }
                ],
                "toplist_definition": [],
                "topology_map_definition": [],
                "trace_service_definition": [],
                "treemap_definition": [],
                "widget_layout": []
              }
            ]
          },
          "sensitive_attributes": [],
          "private": "bnVsbA==",
          "dependencies": [
            "linode_instance.proxy",
            "linode_lke_cluster.tallerlitmus"
          ]
        }
      ]
    },
    {
      "mode": "managed",
      "type": "kubernetes_persistent_volume",
      "name": "db_pv",
      "provider": "provider[\"registry.terraform.io/hashicorp/kubernetes\"]",
      "instances": [
        {
          "schema_version": 0,
          "attributes": {
            "id": "db-pv-test",
            "metadata": [
              {
                "annotations": null,
                "generation": 0,
                "labels": null,
                "name": "db-pv-test",
                "resource_version": "2696",
                "uid": "dc94512f-44be-427b-8f88-49a895f0a4a5"
              }
            ],
            "spec": [
              {
                "access_modes": [
                  "ReadWriteOnce"
                ],
                "capacity": {
                  "storage": "20Gi"
                },
                "claim_ref": [],
                "mount_options": null,
                "node_affinity": [],
                "persistent_volume_reclaim_policy": "Retain",
                "persistent_volume_source": [
                  {
                    "aws_elastic_block_store": [],
                    "azure_disk": [],
                    "azure_file": [],
                    "ceph_fs": [],
                    "cinder": [],
                    "csi": [],
                    "fc": [],
                    "flex_volume": [
                      {
                        "driver": "linode/linode-blockstorage",
                        "fs_type": "",
                        "options": {
                          "volumeID": "8905362"
                        },
                        "read_only": false,
                        "secret_ref": []
                      }
                    ],
                    "flocker": [],
                    "gce_persistent_disk": [],
                    "glusterfs": [],
                    "host_path": [],
                    "iscsi": [],
                    "local": [],
                    "nfs": [],
                    "photon_persistent_disk": [],
                    "quobyte": [],
                    "rbd": [],
                    "vsphere_volume": []
                  }
                ],
                "storage_class_name": "",
                "volume_mode": "Filesystem"
              }
            ],
            "timeouts": null
          },
          "sensitive_attributes": [],
          "private": "eyJlMmJmYjczMC1lY2FhLTExZTYtOGY4OC0zNDM2M2JjN2M0YzAiOnsiY3JlYXRlIjozMDAwMDAwMDAwMDB9fQ==",
          "dependencies": [
            "linode_volume.db_volume"
          ]
        }
      ]
    },
    {
      "mode": "managed",
      "type": "kubernetes_persistent_volume_claim",
      "name": "db_pvc",
      "provider": "provider[\"registry.terraform.io/hashicorp/kubernetes\"]",
      "instances": [
        {
          "schema_version": 0,
          "attributes": {
            "id": "default/db-pvc",
            "metadata": [
              {
                "annotations": {},
                "generate_name": "",
                "generation": 0,
                "labels": {},
                "name": "db-pvc",
                "namespace": "default",
                "resource_version": "1570",
                "uid": "bb90ecb0-573e-4958-a1d1-9d5cfc28757d"
              }
            ],
            "spec": [
              {
                "access_modes": [
                  "ReadWriteOnce"
                ],
                "resources": [
                  {
                    "limits": {},
                    "requests": {
                      "storage": "20Gi"
                    }
                  }
                ],
                "selector": [],
                "storage_class_name": "linode-block-storage-retain",
                "volume_mode": "Filesystem",
                "volume_name": "pvc-bb90ecb0573e4958"
              }
            ],
            "timeouts": null,
            "wait_until_bound": true
          },
          "sensitive_attributes": [],
          "private": "eyJlMmJmYjczMC1lY2FhLTExZTYtOGY4OC0zNDM2M2JjN2M0YzAiOnsiY3JlYXRlIjozMDAwMDAwMDAwMDB9fQ=="
        }
      ]
    },
    {
      "mode": "managed",
      "type": "kubernetes_pod",
      "name": "db_pod",
      "provider": "provider[\"registry.terraform.io/hashicorp/kubernetes\"]",
      "instances": [
        {
          "schema_version": 1,
          "attributes": {
            "id": "default/db",
            "metadata": [
              {
                "annotations": {},
                "generate_name": "",
                "generation": 0,
                "labels": {
                  "app": "db"
                },
                "name": "db",
                "namespace": "default",
                "resource_version": "2692",
                "uid": "cfaf34f7-1dd8-4fe9-8026-4010f5852613"
              }
            ],
            "spec": [
              {
                "active_deadline_seconds": 0,
                "affinity": [],
                "automount_service_account_token": true,
                "container": [
                  {
                    "args": [],
                    "command": [],
                    "env": [
                      {
                        "name": "POSTGRES_USER",
                        "value": "odoo",
                        "value_from": []
                      },
                      {
                        "name": "POSTGRES_PASSWORD",
                        "value": "odoo",
                        "value_from": []
                      },
                      {
                        "name": "POSTGRES_DB",
                        "value": "postgres",
                        "value_from": []
                      }
                    ],
                    "env_from": [],
                    "image": "postgres:15",
                    "image_pull_policy": "IfNotPresent",
                    "lifecycle": [],
                    "liveness_probe": [],
                    "name": "db",
                    "port": [
                      {
                        "container_port": 5432,
                        "host_ip": "",
                        "host_port": 0,
                        "name": "postgresql",
                        "protocol": "TCP"
                      }
                    ],
                    "readiness_probe": [],
                    "resources": [
                      {
                        "limits": {},
                        "requests": {}
                      }
                    ],
                    "security_context": [],
                    "startup_probe": [],
                    "stdin": false,
                    "stdin_once": false,
                    "termination_message_path": "/dev/termination-log",
                    "termination_message_policy": "File",
                    "tty": false,
                    "volume_device": [],
                    "volume_mount": [
                      {
                        "mount_path": "/var/lib/postgresql/data",
                        "mount_propagation": "None",
                        "name": "db-storage",
                        "read_only": false,
                        "sub_path": ""
                      }
                    ],
                    "working_dir": ""
                  }
                ],
                "dns_config": [],
                "dns_policy": "ClusterFirst",
                "enable_service_links": true,
                "host_aliases": [],
                "host_ipc": false,
                "host_network": false,
                "host_pid": false,
                "hostname": "",
                "image_pull_secrets": [],
                "init_container": [],
                "node_name": "lke388297-594876-28116adb0000",
                "node_selector": {},
                "os": [],
                "priority_class_name": "",
                "readiness_gate": [],
                "restart_policy": "Always",
                "runtime_class_name": "",
                "scheduler_name": "default-scheduler",
                "security_context": [],
                "service_account_name": "default",
                "share_process_namespace": false,
                "subdomain": "",
                "termination_grace_period_seconds": 30,
                "toleration": [],
                "topology_spread_constraint": [],
                "volume": [
                  {
                    "aws_elastic_block_store": [],
                    "azure_disk": [],
                    "azure_file": [],
                    "ceph_fs": [],
                    "cinder": [],
                    "config_map": [],
                    "csi": [],
                    "downward_api": [],
                    "empty_dir": [],
                    "ephemeral": [],
                    "fc": [],
                    "flex_volume": [],
                    "flocker": [],
                    "gce_persistent_disk": [],
                    "git_repo": [],
                    "glusterfs": [],
                    "host_path": [],
                    "iscsi": [],
                    "local": [],
                    "name": "db-storage",
                    "nfs": [],
                    "persistent_volume_claim": [
                      {
                        "claim_name": "db-pvc",
                        "read_only": false
                      }
                    ],
                    "photon_persistent_disk": [],
                    "projected": [],
                    "quobyte": [],
                    "rbd": [],
                    "secret": [],
                    "vsphere_volume": []
                  }
                ]
              }
            ],
            "target_state": null,
            "timeouts": null
          },
          "sensitive_attributes": [],
          "private": "eyJlMmJmYjczMC1lY2FhLTExZTYtOGY4OC0zNDM2M2JjN2M0YzAiOnsiY3JlYXRlIjozMDAwMDAwMDAwMDAsImRlbGV0ZSI6MzAwMDAwMDAwMDAwfSwic2NoZW1hX3ZlcnNpb24iOiIxIn0=",
          "dependencies": [
            "kubernetes_persistent_volume_claim.db_pvc"
          ]
        }
      ]
    },
    {
      "mode": "managed",
      "type": "linode_instance",
      "name": "proxy",
      "provider": "provider[\"registry.terraform.io/linode/linode\"]",
      "instances": [
        {
          "schema_version": 0,
          "attributes": {
            "alerts": [
              {
                "cpu": 90,
                "io": 10000,
                "network_in": 10,
                "network_out": 10,
                "transfer_quota": 80
              }
            ],
            "authorized_keys": null,
            "authorized_users": null,
            "backup_id": null,
            "backups": [
              {
                "available": false,
                "enabled": false,
                "schedule": [
                  {
                    "day": "",
                    "window": ""
                  }
                ]
              }
            ],
            "backups_enabled": false,
            "boot_config_label": "My Ubuntu 22.04 LTS Disk Profile",
            "booted": true,
            "config": [
              {
                "comments": "",
                "devices": [
                  {
                    "sda": [
                      {
                        "disk_id": 144381648,
                        "disk_label": "Ubuntu 22.04 LTS Disk",
                        "volume_id": 0
                      }
                    ],
                    "sdb": [
                      {
                        "disk_id": 144381649,
                        "disk_label": "512 MB Swap Image",
                        "volume_id": 0
                      }
                    ],
                    "sdc": [],
                    "sdd": [],
                    "sde": [],
                    "sdf": [],
                    "sdg": [],
                    "sdh": []
                  }
                ],
                "helpers": [
                  {
                    "devtmpfs_automount": true,
                    "distro": true,
                    "modules_dep": true,
                    "network": true,
                    "updatedb_disabled": true
                  }
                ],
                "interface": [],
                "kernel": "linode/grub2",
                "label": "My Ubuntu 22.04 LTS Disk Profile",
                "memory_limit": 0,
                "root_device": "/dev/sda",
                "run_level": "default",
                "virt_mode": "paravirt"
              }
            ],
            "disk": [
              {
                "authorized_keys": [],
                "authorized_users": [],
                "filesystem": "ext4",
                "id": 144381648,
                "image": "",
                "label": "Ubuntu 22.04 LTS Disk",
                "read_only": false,
                "root_pass": "",
                "size": 25088,
                "stackscript_data": {},
                "stackscript_id": 0
              },
              {
                "authorized_keys": [],
                "authorized_users": [],
                "filesystem": "swap",
                "id": 144381649,
                "image": "",
                "label": "512 MB Swap Image",
                "read_only": false,
                "root_pass": "",
                "size": 512,
                "stackscript_data": {},
                "stackscript_id": 0
              }
            ],
            "group": "",
            "has_user_data": false,
            "host_uuid": "71d23117e48c522441aab10af0d6ecac2fce720f",
            "id": "74462978",
            "image": "linode/ubuntu22.04",
            "interface": [],
            "ip_address": "97.107.130.100",
            "ipv4": [
              "192.168.222.190",
              "97.107.130.100"
            ],
            "ipv6": "2600:3c03::f03c:95ff:fe3c:6f96/128",
            "label": "testing-lke-cluster-proxy",
            "metadata": [],
            "private_ip": true,
            "private_ip_address": "192.168.222.190",
            "region": "us-east",
            "resize_disk": false,
            "root_pass": "AOjUjZ81snouzNS3gsotD0XLwcLvAaDueSNq1uRqFdLX7D0kIlpIdjbc99mz1OZqHVS2EVe+GHo8N6uLe0EeKg==",
            "shared_ipv4": [],
            "specs": [
              {
                "disk": 25600,
                "memory": 1024,
                "transfer": 1000,
                "vcpus": 1
              }
            ],
            "stackscript_data": null,
            "stackscript_id": null,
            "status": "running",
            "swap_size": 512,
            "tags": null,
            "timeouts": null,
            "type": "g6-nanode-1",
            "watchdog_enabled": true
          },
          "sensitive_attributes": [
            [
              {
                "type": "get_attr",
                "value": "root_pass"
              }
            ],
            [
              {
                "type": "get_attr",
                "value": "stackscript_data"
              }
            ],
            [
              {
                "type": "get_attr",
                "value": "disk"
              },
              {
                "type": "index",
                "value": {
                  "value": 0,
                  "type": "number"
                }
              },
              {
                "type": "get_attr",
                "value": "stackscript_data"
              }
            ],
            [
              {
                "type": "get_attr",
                "value": "disk"
              },
              {
                "type": "index",
                "value": {
                  "value": 0,
                  "type": "number"
                }
              },
              {
                "type": "get_attr",
                "value": "root_pass"
              }
            ],
            [
              {
                "type": "get_attr",
                "value": "disk"
              },
              {
                "type": "index",
                "value": {
                  "value": 1,
                  "type": "number"
                }
              },
              {
                "type": "get_attr",
                "value": "root_pass"
              }
            ],
            [
              {
                "type": "get_attr",
                "value": "disk"
              },
              {
                "type": "index",
                "value": {
                  "value": 1,
                  "type": "number"
                }
              },
              {
                "type": "get_attr",
                "value": "stackscript_data"
              }
            ]
          ],
          "private": "eyJlMmJmYjczMC1lY2FhLTExZTYtOGY4OC0zNDM2M2JjN2M0YzAiOnsiY3JlYXRlIjo5MDAwMDAwMDAwMDAsImRlbGV0ZSI6NjAwMDAwMDAwMDAwLCJ1cGRhdGUiOjE1MDAwMDAwMDAwMDB9fQ==",
          "dependencies": [
            "linode_lke_cluster.tallerlitmus"
          ]
        }
      ]
    },
    {
      "mode": "managed",
      "type": "linode_lke_cluster",
      "name": "tallerlitmus",
      "provider": "provider[\"registry.terraform.io/linode/linode\"]",
      "instances": [
        {
          "schema_version": 0,
          "attributes": {
            "api_endpoints": [
              "https://0bcbefd0-f045-430a-a2e0-4ed8d39872dd.us-east-3-gw.linodelke.net:443",
              "https://0bcbefd0-f045-430a-a2e0-4ed8d39872dd.us-east-3-gw.linodelke.net:6443"
            ],
            "control_plane": [
              {
                "high_availability": false
              }
            ],
            "dashboard_url": "https://d89be3b3-adc1-4df0-b080-ee19d940b019.us-east-3-gw.linodelke.net",
            "id": "388315",
            "k8s_version": "1.32",
            "kubeconfig": "CmFwaVZlcnNpb246IHYxCmtpbmQ6IENvbmZpZwpwcmVmZXJlbmNlczoge30KCmNsdXN0ZXJzOgotIGNsdXN0ZXI6CiAgICBjZXJ0aWZpY2F0ZS1hdXRob3JpdHktZGF0YTogTFMwdExTMUNSVWRKVGlCRFJWSlVTVVpKUTBGVVJTMHRMUzB0Q2sxSlNVUkNWRU5EUVdVeVowRjNTVUpCWjBsSllVZHVOSGxVU1dWV1lqaDNSRkZaU2t0dldrbG9kbU5PUVZGRlRFSlJRWGRHVkVWVVRVSkZSMEV4VlVVS1FYaE5TMkV6Vm1sYVdFcDFXbGhTYkdONlFXVkdkekI1VGxSQk1FMUVSWGROZWswMVRsUm9ZVVozTUhwT1ZFRjZUWHBCZDAxNlVUQk9WR2hoVFVKVmVBcEZla0ZTUW1kT1ZrSkJUVlJEYlhReFdXMVdlV0p0VmpCYVdFMTNaMmRGYVUxQk1FZERVM0ZIVTBsaU0wUlJSVUpCVVZWQlFUUkpRa1IzUVhkblowVkxDa0Z2U1VKQlVVTndPRXRXT0VkaFRVMHlla1ZIWXpJNWFtTXZRbXAyVlVsNE9XdHZNazR3YlhNd2JqWnNlV28zWWxkTldVeHhORmt2Ym1WeGRDOXRjamtLVkZWbldEaHpibXhNY2pCS1VYaFJUbVJTTTNCRmNXTkRhbXhLYzFJMlpXNVZiVlpoUjNsdGNGVXJlSEkwVlVSamJUTXhSMVJ6WlVsSFZWSlVPRlE1ZUFwSlJrc3pVaXR6TkRWb1oyMXZPWEl6YjJGd2EyUnZSa3BMY0hCd1ozQXZWVWhsVTNKcGFGVTNiR2hoY2xaeFluUnRVVXRzZW5wTlRrSldaalozWTJOeUNteGtXWGhvWWpBMFoxTlBialp3YURSVk9FNU1RME00TURkRksxSm5hRTloWmpaemQxcG1ja1puUTNCdWJVaHpXaTlXWjI1Sk1HOW1SekZTZUVoTlNFWUtjVzFEWTFWbVpuWTJkakJNVEZSTGNGRldiMWxHT0U5VmNtcGlOVEUyTTI1Q1duRkdTalU1S3l0NVYwMVROMlJRWVVNcldHbEdSV2gwVEcxUlFsSnFNd3BtY1ZsbVpubHVlUzhyVmt4MVJrNXVXRzlxVEVobU5saHhkbTFLUVdkTlFrRkJSMnBYVkVKWVRVRTBSMEV4VldSRWQwVkNMM2RSUlVGM1NVTndSRUZRQ2tKblRsWklVazFDUVdZNFJVSlVRVVJCVVVndlRVSXdSMEV4VldSRVoxRlhRa0pSY0U5QlJHbGhURzVLWjJ0dE56SXpWMFV3WVdWNVVXTlRNMk5FUVZZS1FtZE9Wa2hTUlVWRWFrRk5aMmR3Y21SWFNteGpiVFZzWkVkV2VrMUJNRWREVTNGSFUwbGlNMFJSUlVKRGQxVkJRVFJKUWtGUlEySTFUelZuT1dKdlV3cFZUMng0U0ZOS2RqTkxVVWt3ZEZWcWNXb3pkRzVsV0c0eVNEQmhORmxLYVRkbE0wVjBaVGR2TUdVMGQyTlJXakkwUkc5c09ETklabTEyUjB4S2JXdFVDblJQT0ZSR1QwVkxWM05sYzBKUVlYQlJNMGRYZGt4NE1ITklhVEYzYlVONVNWRjBhbVJzTWxSWFVVUTJTVWxPYkN0R0x6QkRNMDFWVDJZeldHeHZNMDRLUlZWemMycEtXamh4TVZwcFJWUmhUeXRMTVRaTmVFbFFaVlJFZVhWcFdVbGxhRU55T0dWcVZESjNTbE41UTFCb1RrczRabkY0VjFaVlZISnNRUzlSVWdvdlRrRkdUMUJ0V0U5VmNHMTJXSGh6VW1KQlUxSjJUbVozVURWaVlTOVBhbGxYWVdoalUwSTNNQzl4VkRKUlIwb3dRemRQT0V0b1FYZGpNbUprTUVZckNrNXJTM3BYZUZSb1dFZzJTWFUxUW01aGMwdGxWMU54UzAxSlFYWlNRV295VHpCa2NYbHdMMlY1YVV4ak5FTTVaM2x3WWtwck15dDVNVTV4Vlc5T1NUa0tVVXR1YkRkNFlsY3ZaR3hpQ2kwdExTMHRSVTVFSUVORlVsUkpSa2xEUVZSRkxTMHRMUzBLCiAgICBzZXJ2ZXI6IGh0dHBzOi8vMGJjYmVmZDAtZjA0NS00MzBhLWEyZTAtNGVkOGQzOTg3MmRkLnVzLWVhc3QtMy1ndy5saW5vZGVsa2UubmV0OjQ0MwogIG5hbWU6IGxrZTM4ODMxNQoKdXNlcnM6Ci0gbmFtZTogbGtlMzg4MzE1LWFkbWluCiAgdXNlcjoKICAgIGFzLXVzZXItZXh0cmE6IHt9CiAgICB0b2tlbjogZXlKaGJHY2lPaUpTVXpJMU5pSXNJbXRwWkNJNklrUjNXVzV0VFdsb1RWUm1NV2h3ZWs5RldraDBaMEpNT0dSalRqVnRXSE5qVm1admVVMVllWEJqTkUwaWZRLmV5SnBjM01pT2lKcmRXSmxjbTVsZEdWekwzTmxjblpwWTJWaFkyTnZkVzUwSWl3aWEzVmlaWEp1WlhSbGN5NXBieTl6WlhKMmFXTmxZV05qYjNWdWRDOXVZVzFsYzNCaFkyVWlPaUpyZFdKbExYTjVjM1JsYlNJc0ltdDFZbVZ5Ym1WMFpYTXVhVzh2YzJWeWRtbGpaV0ZqWTI5MWJuUXZjMlZqY21WMExtNWhiV1VpT2lKc2EyVXRZV1J0YVc0dGRHOXJaVzR0TWpKcmMyTWlMQ0pyZFdKbGNtNWxkR1Z6TG1sdkwzTmxjblpwWTJWaFkyTnZkVzUwTDNObGNuWnBZMlV0WVdOamIzVnVkQzV1WVcxbElqb2liR3RsTFdGa2JXbHVJaXdpYTNWaVpYSnVaWFJsY3k1cGJ5OXpaWEoyYVdObFlXTmpiM1Z1ZEM5elpYSjJhV05sTFdGalkyOTFiblF1ZFdsa0lqb2lZVFprTWprM09XTXRZbU01WkMwME1EUXhMV0ZtTVRZdE1UZzRORFl5TUdSbVlUSmlJaXdpYzNWaUlqb2ljM2x6ZEdWdE9uTmxjblpwWTJWaFkyTnZkVzUwT210MVltVXRjM2x6ZEdWdE9teHJaUzFoWkcxcGJpSjkud3pVU2V4X24zT2ZtQ24zU3NNYlRvdy1RaDJxam1peHcyaVNRamhFWDMtSWppR2dlTmRyeTAzRkNQVW9hRnItZFpoYnpDZWdicF93MjlOUGpPbDl1eUQ0V1ZMenNWV2M5clVhamtncTRqeUMtb1VvdFVQQnpQd1N0dkVQaVdiWWc5bTRQV3B5R2p2THZNRGdKQkFnRWlENEU2aGtyTWd4U2hzc29zbkRKQklkM0dqZTYtcnhDTnRhSU5tV256Q09aUFJGTDg5WENFNFhfaDNjRXkxU1Z3MlRDX1hTUF9qOHp1Q2lfT3RwV0lRSS1ITDBfVXhlS09QRkttd2tZRU9mTmRmM2VKX2hfdDV0b2hUYTJLdDE0R2xuSjZMZl8tcG81czhFR0hsYW9qajlYNWFMRHFDdFEyU21aNFpCZlBHVzEweG1vQkZTS08wU1JQYVFScEVCSldRCgpjb250ZXh0czoKLSBjb250ZXh0OgogICAgY2x1c3RlcjogbGtlMzg4MzE1CiAgICBuYW1lc3BhY2U6IGRlZmF1bHQKICAgIHVzZXI6IGxrZTM4ODMxNS1hZG1pbgogIG5hbWU6IGxrZTM4ODMxNS1jdHgKCmN1cnJlbnQtY29udGV4dDogbGtlMzg4MzE1LWN0eAo=",
            "label": "testing-lke-cluster-demo",
            "pool": [
              {
                "autoscaler": [],
                "count": 2,
                "id": 594894,
                "nodes": [
                  {
                    "id": "594894-03b722ea0000",
                    "instance_id": 74462902,
                    "status": "ready"
                  },
                  {
                    "id": "594894-41810d320000",
                    "instance_id": 74462898,
                    "status": "ready"
                  }
                ],
                "type": "g6-standard-2"
              },
              {
                "autoscaler": [],
                "count": 1,
                "id": 594895,
                "nodes": [
                  {
                    "id": "594895-1f8b61350000",
                    "instance_id": 74462900,
                    "status": "ready"
                  }
                ],
                "type": "g6-standard-1"
              },
              {
                "autoscaler": [],
                "count": 1,
                "id": 594896,
                "nodes": [
                  {
                    "id": "594896-5f82566a0000",
                    "instance_id": 74462899,
                    "status": "ready"
                  }
                ],
                "type": "g6-standard-2"
              }
            ],
            "region": "us-east",
            "status": "ready",
            "tags": [
              "akamai",
              "alex",
              "litmus"
            ],
            "timeouts": null
          },
          "sensitive_attributes": [
            [
              {
                "type": "get_attr",
                "value": "kubeconfig"
              }
            ]
          ],
          "private": "eyJlMmJmYjczMC1lY2FhLTExZTYtOGY4OC0zNDM2M2JjN2M0YzAiOnsiY3JlYXRlIjoyMTAwMDAwMDAwMDAwLCJkZWxldGUiOjkwMDAwMDAwMDAwMCwidXBkYXRlIjoyNDAwMDAwMDAwMDAwfX0="
        }
      ]
    },
    {
      "mode": "managed",
      "type": "linode_volume",
      "name": "db_volume",
      "provider": "provider[\"registry.terraform.io/linode/linode\"]",
      "instances": [
        {
          "schema_version": 0,
          "attributes": {
            "filesystem_path": "/dev/disk/by-id/scsi-0Linode_Volume_db-volume",
            "id": "8905362",
            "label": "db-volume",
            "linode_id": 0,
            "region": "us-east",
            "size": 20,
            "source_volume_id": null,
            "status": "active",
            "tags": null,
            "timeouts": null
          },
          "sensitive_attributes": [],
          "private": "eyJlMmJmYjczMC1lY2FhLTExZTYtOGY4OC0zNDM2M2JjN2M0YzAiOnsiY3JlYXRlIjo5MDAwMDAwMDAwMDAsImRlbGV0ZSI6NjAwMDAwMDAwMDAwLCJ1cGRhdGUiOjEyMDAwMDAwMDAwMDB9fQ=="
        }
      ]
    },
    {
      "mode": "managed",
      "type": "null_resource",
      "name": "install_datadog_agent_proxy",
      "provider": "provider[\"registry.terraform.io/hashicorp/null\"]",
      "instances": [
        {
          "schema_version": 0,
          "attributes": {
            "id": "5257487580190725275",
            "triggers": null
          },
          "sensitive_attributes": [],
          "dependencies": [
            "linode_instance.proxy",
            "linode_lke_cluster.tallerlitmus"
          ]
        }
      ]
    },
    {
      "mode": "managed",
      "type": "null_resource",
      "name": "install_datadog_agent_workers",
      "provider": "provider[\"registry.terraform.io/hashicorp/null\"]",
      "instances": []
    }
  ],
  "check_results": null
}
