{
  "version": 4,
  "terraform_version": "1.11.2",
  "serial": 301,
  "lineage": "3967a7a6-08bc-34e7-89a3-28b05542b786",
  "outputs": {
    "api_endpoints": {
      "value": [
        "https://6e243903-a0ce-46ec-8553-588f544b6ce1.us-west-2-gw.linodelke.net:443",
        "https://6e243903-a0ce-46ec-8553-588f544b6ce1.us-west-2-gw.linodelke.net:6443"
      ],
      "type": [
        "list",
        "string"
      ]
    },
    "id": {
      "value": "384182",
      "type": "string"
    },
    "kubeconfig": {
      "value": "CmFwaVZlcnNpb246IHYxCmtpbmQ6IENvbmZpZwpwcmVmZXJlbmNlczoge30KCmNsdXN0ZXJzOgotIGNsdXN0ZXI6CiAgICBjZXJ0aWZpY2F0ZS1hdXRob3JpdHktZGF0YTogTFMwdExTMUNSVWRKVGlCRFJWSlVTVVpKUTBGVVJTMHRMUzB0Q2sxSlNVUkNWRU5EUVdVeVowRjNTVUpCWjBsSlRFZFVTaTlsZUd4blpVRjNSRkZaU2t0dldrbG9kbU5PUVZGRlRFSlJRWGRHVkVWVVRVSkZSMEV4VlVVS1FYaE5TMkV6Vm1sYVdFcDFXbGhTYkdONlFXVkdkekI1VGxSQmVrMXFZM2ROZWtrMFRVUm9ZVVozTUhwT1ZFRjZUV3BWZDAxNlRYcE5SR2hoVFVKVmVBcEZla0ZTUW1kT1ZrSkJUVlJEYlhReFdXMVdlV0p0VmpCYVdFMTNaMmRGYVUxQk1FZERVM0ZIVTBsaU0wUlJSVUpCVVZWQlFUUkpRa1IzUVhkblowVkxDa0Z2U1VKQlVVTTVTREp5TjJNdlIyaG5WM1ZzTkZwTVpWTXlSU3R5VjNaVVMxbHFUMlJDWlc4MmRqWjVhR0ZXU2xGdE5EVXJNbEpvYlNzdmFqUXdUMElLTmprMGJ6QXdkSFJ4UW1wMWFuaDBPV3RoYUZaNVMwSlJRMlZXVUZwME0waG5VbEJVYjBwb1FuaEpNRGxtWmxGaE5XczRNbUU1VldOQlRqaGplWGRzVHdwQ1pqSnFkbTVYVjJaNE9EUktjR1o2UmtNNFlXNUJaSE5qZW1KdVl6ZFBTamRTY1VZeU9TOVRaMHBhVlcxWGEwbHZUVEJuV2xGaFMwbG1UamxpVWpaU0NreFlMM2RXVWk5TU5EUjRXREo0Y0hsWVZFUm1ObnBEVVU1eVVqUlJSemgzZVVGeFFrVktVbTVVV0ZKYVREaG1ZVk5QZFZGc2JVeHVRMVJZTUc1YWR6Z0tVVmhYVERabFlrUmxaR05UYjBsWVlXUk1NVTF6ZERSSFVIbHJNa3hLWTNReVFuWnNiMmRLVTJvMWJrRTNPVVI1VWpkVlF6WnNNRk5pY0dZeFRqQjZPQXBtTm1KSldtZDNRMFJMT0hoTWFXSktkVWRxU25kYWMyY3ZNa1ZXUVdkTlFrRkJSMnBYVkVKWVRVRTBSMEV4VldSRWQwVkNMM2RSUlVGM1NVTndSRUZRQ2tKblRsWklVazFDUVdZNFJVSlVRVVJCVVVndlRVSXdSMEV4VldSRVoxRlhRa0pTTkVONlRGcENRbTl2UTJJeFNUbDROVk01Y2tSSlNIZGtlWEY2UVZZS1FtZE9Wa2hTUlVWRWFrRk5aMmR3Y21SWFNteGpiVFZzWkVkV2VrMUJNRWREVTNGSFUwbGlNMFJSUlVKRGQxVkJRVFJKUWtGUlFtRmhOMUpQYW5CYWNBcFFZMHdyZWt0a04wWm5ValZpV0cxeFVHWTVNR1ZwWXpSSVUwVlZkVWh4YUZFclNGUm5iSFZPVDFCc1JEaHhPVmRRYVdabkwwbGFXRXhpSzFoa1psQnFDazEwVm5aa04ycGtTR28zVUhwdFNFaFlTRlkxVlRCMVpHdE9NMGhyTVdFelZrVmpjbkZaVTJGRmFWQkNaMVJKT1VJMU5rdzJSbFZXWkRoaGJsZDBla1lLY1hGU1RDdHFhMGhrVmpZdk0zVnRkRGhyVXpSVVZXNUxTMVJIT0RCUmRsRXdZbEZrUlM4ME5GTkRha3hVWWtwVVREZFhRaXRoVDBoa1RYUXZORXR4Y0Fwa1RFRXliV3RxYkRKUFNXdGhRWHBsVERkRmJGUkdaRWQwT0RSSVRrazBRMGxTWWtwcksyMUNjVlk1VlVoU1NuSnBibFpOVFhsTlIyZGxhWFpNZDIxa0NpOU9iV0ZHWVdSS05rbHlLMHh5VjFGbVNERjZURVV6TmxCcFJrZENSamN2VEVSSWJXTjNkR0pGU0ZKT1dYTnljMUJzU0d0R1ltZHZlbTFwVkd4SFYxY0tXRWxNWkc1a0x6aHlhSGd5Q2kwdExTMHRSVTVFSUVORlVsUkpSa2xEUVZSRkxTMHRMUzBLCiAgICBzZXJ2ZXI6IGh0dHBzOi8vNmUyNDM5MDMtYTBjZS00NmVjLTg1NTMtNTg4ZjU0NGI2Y2UxLnVzLXdlc3QtMi1ndy5saW5vZGVsa2UubmV0OjQ0MwogIG5hbWU6IGxrZTM4NDE4MgoKdXNlcnM6Ci0gbmFtZTogbGtlMzg0MTgyLWFkbWluCiAgdXNlcjoKICAgIGFzLXVzZXItZXh0cmE6IHt9CiAgICB0b2tlbjogZXlKaGJHY2lPaUpTVXpJMU5pSXNJbXRwWkNJNkluVXdhWGxSWlZWc2VrSmZVelZMTVROYVZVbEJjMU5oV1dVek9FTjNZM0pNV1doeWJ6SkVWMXByUTNjaWZRLmV5SnBjM01pT2lKcmRXSmxjbTVsZEdWekwzTmxjblpwWTJWaFkyTnZkVzUwSWl3aWEzVmlaWEp1WlhSbGN5NXBieTl6WlhKMmFXTmxZV05qYjNWdWRDOXVZVzFsYzNCaFkyVWlPaUpyZFdKbExYTjVjM1JsYlNJc0ltdDFZbVZ5Ym1WMFpYTXVhVzh2YzJWeWRtbGpaV0ZqWTI5MWJuUXZjMlZqY21WMExtNWhiV1VpT2lKc2EyVXRZV1J0YVc0dGRHOXJaVzR0Tm1KdWFqa2lMQ0pyZFdKbGNtNWxkR1Z6TG1sdkwzTmxjblpwWTJWaFkyTnZkVzUwTDNObGNuWnBZMlV0WVdOamIzVnVkQzV1WVcxbElqb2liR3RsTFdGa2JXbHVJaXdpYTNWaVpYSnVaWFJsY3k1cGJ5OXpaWEoyYVdObFlXTmpiM1Z1ZEM5elpYSjJhV05sTFdGalkyOTFiblF1ZFdsa0lqb2lNalZoWkRFNE9UY3RNREUzWmkwMFpHSmxMVGcwT1RndE9UQTVZak15TlRRMU9UVXpJaXdpYzNWaUlqb2ljM2x6ZEdWdE9uTmxjblpwWTJWaFkyTnZkVzUwT210MVltVXRjM2x6ZEdWdE9teHJaUzFoWkcxcGJpSjkuM2NIZERYcjY0R1BPaTZhcno4LXBkRy1CWDNmc0RMUk9nVUROUm1uMUZ0dXlyWExfOGRzTFg1SXdHb24xRW9hdlg5X04wRE5TdUJ3eF9yOXZndDJFMmZNR1d4QnRzNGU0LUpUMHhpYzRESUFlbk1FYU1WbjhCR2pDMFF4LS11TVd2M3ZRWEtXNHVQZnpDVlZrc1JPVlJoWlY2T3VKZFhBMXMzOXpRMG8tbzhUNVVTVkFPVmQ5bXRWN3lWTU9GYTUweVk3ODU1WkRWZmFWcHM0UU5idnNyNFd5eTkzRXRSY0ZSclFqX0xDWDdOSExuWVctSnBxdmdJbWkxbExTd1BvelZwcTEwcVNBZ3JUM3gzaVUzcWJHa214aVNvTnpaUWdUdms1TkM0ZzF0WGZWY1Q4am1iR2N5Zmo4ZkJlWVpKOHdaY3FadS01c0E3bFkzR3gyVF9Ba3pBCgpjb250ZXh0czoKLSBjb250ZXh0OgogICAgY2x1c3RlcjogbGtlMzg0MTgyCiAgICBuYW1lc3BhY2U6IGRlZmF1bHQKICAgIHVzZXI6IGxrZTM4NDE4Mi1hZG1pbgogIG5hbWU6IGxrZTM4NDE4Mi1jdHgKCmN1cnJlbnQtY29udGV4dDogbGtlMzg0MTgyLWN0eAo=",
      "type": "string",
      "sensitive": true
    },
    "kubernetes_api_endpoint": {
      "value": "https://6e243903-a0ce-46ec-8553-588f544b6ce1.us-west-2-gw.linodelke.net:443",
      "type": "string"
    },
    "linode_volume_id": {
      "value": "8838647",
      "type": "string"
    },
    "load_balancer_endpoint": {
      "value": "104.200.26.230",
      "type": "string"
    },
    "nodebalancer_address_debug": {
      "value": "104.200.26.230:6443",
      "type": "string"
    },
    "persistent_volume_claim_name": {
      "value": "db-pvc",
      "type": "string"
    },
    "persistent_volume_name": {
      "value": "db-pv",
      "type": "string"
    },
    "pool": {
      "value": [
        {
          "autoscaler": [],
          "count": 2,
          "id": 590363,
          "nodes": [
            {
              "id": "590363-31bf26540000",
              "instance_id": 74263379,
              "status": "ready"
            },
            {
              "id": "590363-50824b250000",
              "instance_id": 74263377,
              "status": "ready"
            }
          ],
          "type": "g6-standard-2"
        },
        {
          "autoscaler": [],
          "count": 1,
          "id": 590403,
          "nodes": [
            {
              "id": "590403-1e5078170000",
              "instance_id": 74265669,
              "status": "ready"
            }
          ],
          "type": "g6-standard-1"
        },
        {
          "autoscaler": [],
          "count": 1,
          "id": 590404,
          "nodes": [
            {
              "id": "590404-3185512d0000",
              "instance_id": 74265670,
              "status": "ready"
            }
          ],
          "type": "g6-standard-2"
        }
      ],
      "type": [
        "list",
        [
          "object",
          {
            "autoscaler": [
              "list",
              [
                "object",
                {
                  "max": "number",
                  "min": "number"
                }
              ]
            ],
            "count": "number",
            "id": "number",
            "nodes": [
              "list",
              [
                "object",
                {
                  "id": "string",
                  "instance_id": "number",
                  "status": "string"
                }
              ]
            ],
            "type": "string"
          }
        ]
      ]
    },
    "postgresql_pod_name": {
      "value": "db",
      "type": "string"
    },
    "proxy_ipv4_debug": {
      "value": [
        "192.168.130.111",
        "45.79.68.53"
      ],
      "type": [
        "list",
        "string"
      ]
    },
    "proxy_private_ip": {
      "value": "192.168.130.111",
      "type": "string"
    },
    "proxy_public_ip": {
      "value": "45.79.68.53",
      "type": "string"
    },
    "status": {
      "value": "ready",
      "type": "string"
    }
  },
  "resources": [
    {
      "mode": "managed",
      "type": "linode_instance",
      "name": "proxy",
      "provider": "provider[\"registry.terraform.io/linode/linode\"]",
      "instances": [
        {
          "schema_version": 0,
          "attributes": {
            "alerts": [
              {
                "cpu": 90,
                "io": 10000,
                "network_in": 10,
                "network_out": 10,
                "transfer_quota": 80
              }
            ],
            "authorized_keys": null,
            "authorized_users": null,
            "backup_id": null,
            "backups": [
              {
                "available": false,
                "enabled": false,
                "schedule": [
                  {
                    "day": "",
                    "window": ""
                  }
                ]
              }
            ],
            "backups_enabled": false,
            "boot_config_label": "My Ubuntu 22.04 LTS Disk Profile",
            "booted": true,
            "config": [
              {
                "comments": "",
                "devices": [
                  {
                    "sda": [
                      {
                        "disk_id": 144039474,
                        "disk_label": "Ubuntu 22.04 LTS Disk",
                        "volume_id": 0
                      }
                    ],
                    "sdb": [
                      {
                        "disk_id": 144039475,
                        "disk_label": "512 MB Swap Image",
                        "volume_id": 0
                      }
                    ],
                    "sdc": [],
                    "sdd": [],
                    "sde": [],
                    "sdf": [],
                    "sdg": [],
                    "sdh": []
                  }
                ],
                "helpers": [
                  {
                    "devtmpfs_automount": true,
                    "distro": true,
                    "modules_dep": true,
                    "network": true,
                    "updatedb_disabled": true
                  }
                ],
                "interface": [],
                "kernel": "linode/grub2",
                "label": "My Ubuntu 22.04 LTS Disk Profile",
                "memory_limit": 0,
                "root_device": "/dev/sda",
                "run_level": "default",
                "virt_mode": "paravirt"
              }
            ],
            "disk": [
              {
                "authorized_keys": [],
                "authorized_users": [],
                "filesystem": "ext4",
                "id": 144039474,
                "image": "",
                "label": "Ubuntu 22.04 LTS Disk",
                "read_only": false,
                "root_pass": "",
                "size": 25088,
                "stackscript_data": {},
                "stackscript_id": 0
              },
              {
                "authorized_keys": [],
                "authorized_users": [],
                "filesystem": "swap",
                "id": 144039475,
                "image": "",
                "label": "512 MB Swap Image",
                "read_only": false,
                "root_pass": "",
                "size": 512,
                "stackscript_data": {},
                "stackscript_id": 0
              }
            ],
            "group": "",
            "has_user_data": false,
            "host_uuid": "ca127e064575a4e41e5597b9c633ec7db41d516c",
            "id": "74263447",
            "image": "linode/ubuntu22.04",
            "interface": [],
            "ip_address": "45.79.68.53",
            "ipv4": [
              "192.168.130.111",
              "45.79.68.53"
            ],
            "ipv6": "2600:3c01::f03c:95ff:fe80:a249/128",
            "label": "tallerlitmus-lke-cluster-proxy",
            "metadata": [],
            "private_ip": true,
            "private_ip_address": "192.168.130.111",
            "region": "us-west",
            "resize_disk": false,
            "root_pass": "AOjUjZ81snouzNS3gsotD0XLwcLvAaDueSNq1uRqFdLX7D0kIlpIdjbc99mz1OZqHVS2EVe+GHo8N6uLe0EeKg==",
            "shared_ipv4": [],
            "specs": [
              {
                "disk": 25600,
                "memory": 1024,
                "transfer": 1000,
                "vcpus": 1
              }
            ],
            "stackscript_data": null,
            "stackscript_id": null,
            "status": "running",
            "swap_size": 512,
            "tags": [],
            "timeouts": null,
            "type": "g6-nanode-1",
            "watchdog_enabled": true
          },
          "sensitive_attributes": [
            [
              {
                "type": "get_attr",
                "value": "root_pass"
              }
            ],
            [
              {
                "type": "get_attr",
                "value": "disk"
              },
              {
                "type": "index",
                "value": {
                  "value": 0,
                  "type": "number"
                }
              },
              {
                "type": "get_attr",
                "value": "stackscript_data"
              }
            ],
            [
              {
                "type": "get_attr",
                "value": "disk"
              },
              {
                "type": "index",
                "value": {
                  "value": 0,
                  "type": "number"
                }
              },
              {
                "type": "get_attr",
                "value": "root_pass"
              }
            ],
            [
              {
                "type": "get_attr",
                "value": "disk"
              },
              {
                "type": "index",
                "value": {
                  "value": 1,
                  "type": "number"
                }
              },
              {
                "type": "get_attr",
                "value": "stackscript_data"
              }
            ],
            [
              {
                "type": "get_attr",
                "value": "disk"
              },
              {
                "type": "index",
                "value": {
                  "value": 1,
                  "type": "number"
                }
              },
              {
                "type": "get_attr",
                "value": "root_pass"
              }
            ],
            [
              {
                "type": "get_attr",
                "value": "stackscript_data"
              }
            ]
          ],
          "private": "eyJlMmJmYjczMC1lY2FhLTExZTYtOGY4OC0zNDM2M2JjN2M0YzAiOnsiY3JlYXRlIjo5MDAwMDAwMDAwMDAsImRlbGV0ZSI6NjAwMDAwMDAwMDAwLCJ1cGRhdGUiOjE1MDAwMDAwMDAwMDB9fQ==",
          "dependencies": [
            "linode_lke_cluster.tallerlitmus"
          ]
        }
      ]
    },
    {
      "mode": "managed",
      "type": "linode_lke_cluster",
      "name": "tallerlitmus",
      "provider": "provider[\"registry.terraform.io/linode/linode\"]",
      "instances": [
        {
          "schema_version": 0,
          "attributes": {
            "api_endpoints": [
              "https://6e243903-a0ce-46ec-8553-588f544b6ce1.us-west-2-gw.linodelke.net:443",
              "https://6e243903-a0ce-46ec-8553-588f544b6ce1.us-west-2-gw.linodelke.net:6443"
            ],
            "control_plane": [
              {
                "high_availability": false
              }
            ],
            "dashboard_url": "https://74f29992-49fa-4c43-8ab5-f502db8ccc9d.us-west-2-gw.linodelke.net",
            "id": "384182",
            "k8s_version": "1.31",
            "kubeconfig": "CmFwaVZlcnNpb246IHYxCmtpbmQ6IENvbmZpZwpwcmVmZXJlbmNlczoge30KCmNsdXN0ZXJzOgotIGNsdXN0ZXI6CiAgICBjZXJ0aWZpY2F0ZS1hdXRob3JpdHktZGF0YTogTFMwdExTMUNSVWRKVGlCRFJWSlVTVVpKUTBGVVJTMHRMUzB0Q2sxSlNVUkNWRU5EUVdVeVowRjNTVUpCWjBsSlRFZFVTaTlsZUd4blpVRjNSRkZaU2t0dldrbG9kbU5PUVZGRlRFSlJRWGRHVkVWVVRVSkZSMEV4VlVVS1FYaE5TMkV6Vm1sYVdFcDFXbGhTYkdONlFXVkdkekI1VGxSQmVrMXFZM2ROZWtrMFRVUm9ZVVozTUhwT1ZFRjZUV3BWZDAxNlRYcE5SR2hoVFVKVmVBcEZla0ZTUW1kT1ZrSkJUVlJEYlhReFdXMVdlV0p0VmpCYVdFMTNaMmRGYVUxQk1FZERVM0ZIVTBsaU0wUlJSVUpCVVZWQlFUUkpRa1IzUVhkblowVkxDa0Z2U1VKQlVVTTVTREp5TjJNdlIyaG5WM1ZzTkZwTVpWTXlSU3R5VjNaVVMxbHFUMlJDWlc4MmRqWjVhR0ZXU2xGdE5EVXJNbEpvYlNzdmFqUXdUMElLTmprMGJ6QXdkSFJ4UW1wMWFuaDBPV3RoYUZaNVMwSlJRMlZXVUZwME0waG5VbEJVYjBwb1FuaEpNRGxtWmxGaE5XczRNbUU1VldOQlRqaGplWGRzVHdwQ1pqSnFkbTVYVjJaNE9EUktjR1o2UmtNNFlXNUJaSE5qZW1KdVl6ZFBTamRTY1VZeU9TOVRaMHBhVlcxWGEwbHZUVEJuV2xGaFMwbG1UamxpVWpaU0NreFlMM2RXVWk5TU5EUjRXREo0Y0hsWVZFUm1ObnBEVVU1eVVqUlJSemgzZVVGeFFrVktVbTVVV0ZKYVREaG1ZVk5QZFZGc2JVeHVRMVJZTUc1YWR6Z0tVVmhYVERabFlrUmxaR05UYjBsWVlXUk1NVTF6ZERSSFVIbHJNa3hLWTNReVFuWnNiMmRLVTJvMWJrRTNPVVI1VWpkVlF6WnNNRk5pY0dZeFRqQjZPQXBtTm1KSldtZDNRMFJMT0hoTWFXSktkVWRxU25kYWMyY3ZNa1ZXUVdkTlFrRkJSMnBYVkVKWVRVRTBSMEV4VldSRWQwVkNMM2RSUlVGM1NVTndSRUZRQ2tKblRsWklVazFDUVdZNFJVSlVRVVJCVVVndlRVSXdSMEV4VldSRVoxRlhRa0pTTkVONlRGcENRbTl2UTJJeFNUbDROVk01Y2tSSlNIZGtlWEY2UVZZS1FtZE9Wa2hTUlVWRWFrRk5aMmR3Y21SWFNteGpiVFZzWkVkV2VrMUJNRWREVTNGSFUwbGlNMFJSUlVKRGQxVkJRVFJKUWtGUlFtRmhOMUpQYW5CYWNBcFFZMHdyZWt0a04wWm5ValZpV0cxeFVHWTVNR1ZwWXpSSVUwVlZkVWh4YUZFclNGUm5iSFZPVDFCc1JEaHhPVmRRYVdabkwwbGFXRXhpSzFoa1psQnFDazEwVm5aa04ycGtTR28zVUhwdFNFaFlTRlkxVlRCMVpHdE9NMGhyTVdFelZrVmpjbkZaVTJGRmFWQkNaMVJKT1VJMU5rdzJSbFZXWkRoaGJsZDBla1lLY1hGU1RDdHFhMGhrVmpZdk0zVnRkRGhyVXpSVVZXNUxTMVJIT0RCUmRsRXdZbEZrUlM4ME5GTkRha3hVWWtwVVREZFhRaXRoVDBoa1RYUXZORXR4Y0Fwa1RFRXliV3RxYkRKUFNXdGhRWHBsVERkRmJGUkdaRWQwT0RSSVRrazBRMGxTWWtwcksyMUNjVlk1VlVoU1NuSnBibFpOVFhsTlIyZGxhWFpNZDIxa0NpOU9iV0ZHWVdSS05rbHlLMHh5VjFGbVNERjZURVV6TmxCcFJrZENSamN2VEVSSWJXTjNkR0pGU0ZKT1dYTnljMUJzU0d0R1ltZHZlbTFwVkd4SFYxY0tXRWxNWkc1a0x6aHlhSGd5Q2kwdExTMHRSVTVFSUVORlVsUkpSa2xEUVZSRkxTMHRMUzBLCiAgICBzZXJ2ZXI6IGh0dHBzOi8vNmUyNDM5MDMtYTBjZS00NmVjLTg1NTMtNTg4ZjU0NGI2Y2UxLnVzLXdlc3QtMi1ndy5saW5vZGVsa2UubmV0OjQ0MwogIG5hbWU6IGxrZTM4NDE4MgoKdXNlcnM6Ci0gbmFtZTogbGtlMzg0MTgyLWFkbWluCiAgdXNlcjoKICAgIGFzLXVzZXItZXh0cmE6IHt9CiAgICB0b2tlbjogZXlKaGJHY2lPaUpTVXpJMU5pSXNJbXRwWkNJNkluVXdhWGxSWlZWc2VrSmZVelZMTVROYVZVbEJjMU5oV1dVek9FTjNZM0pNV1doeWJ6SkVWMXByUTNjaWZRLmV5SnBjM01pT2lKcmRXSmxjbTVsZEdWekwzTmxjblpwWTJWaFkyTnZkVzUwSWl3aWEzVmlaWEp1WlhSbGN5NXBieTl6WlhKMmFXTmxZV05qYjNWdWRDOXVZVzFsYzNCaFkyVWlPaUpyZFdKbExYTjVjM1JsYlNJc0ltdDFZbVZ5Ym1WMFpYTXVhVzh2YzJWeWRtbGpaV0ZqWTI5MWJuUXZjMlZqY21WMExtNWhiV1VpT2lKc2EyVXRZV1J0YVc0dGRHOXJaVzR0Tm1KdWFqa2lMQ0pyZFdKbGNtNWxkR1Z6TG1sdkwzTmxjblpwWTJWaFkyTnZkVzUwTDNObGNuWnBZMlV0WVdOamIzVnVkQzV1WVcxbElqb2liR3RsTFdGa2JXbHVJaXdpYTNWaVpYSnVaWFJsY3k1cGJ5OXpaWEoyYVdObFlXTmpiM1Z1ZEM5elpYSjJhV05sTFdGalkyOTFiblF1ZFdsa0lqb2lNalZoWkRFNE9UY3RNREUzWmkwMFpHSmxMVGcwT1RndE9UQTVZak15TlRRMU9UVXpJaXdpYzNWaUlqb2ljM2x6ZEdWdE9uTmxjblpwWTJWaFkyTnZkVzUwT210MVltVXRjM2x6ZEdWdE9teHJaUzFoWkcxcGJpSjkuM2NIZERYcjY0R1BPaTZhcno4LXBkRy1CWDNmc0RMUk9nVUROUm1uMUZ0dXlyWExfOGRzTFg1SXdHb24xRW9hdlg5X04wRE5TdUJ3eF9yOXZndDJFMmZNR1d4QnRzNGU0LUpUMHhpYzRESUFlbk1FYU1WbjhCR2pDMFF4LS11TVd2M3ZRWEtXNHVQZnpDVlZrc1JPVlJoWlY2T3VKZFhBMXMzOXpRMG8tbzhUNVVTVkFPVmQ5bXRWN3lWTU9GYTUweVk3ODU1WkRWZmFWcHM0UU5idnNyNFd5eTkzRXRSY0ZSclFqX0xDWDdOSExuWVctSnBxdmdJbWkxbExTd1BvelZwcTEwcVNBZ3JUM3gzaVUzcWJHa214aVNvTnpaUWdUdms1TkM0ZzF0WGZWY1Q4am1iR2N5Zmo4ZkJlWVpKOHdaY3FadS01c0E3bFkzR3gyVF9Ba3pBCgpjb250ZXh0czoKLSBjb250ZXh0OgogICAgY2x1c3RlcjogbGtlMzg0MTgyCiAgICBuYW1lc3BhY2U6IGRlZmF1bHQKICAgIHVzZXI6IGxrZTM4NDE4Mi1hZG1pbgogIG5hbWU6IGxrZTM4NDE4Mi1jdHgKCmN1cnJlbnQtY29udGV4dDogbGtlMzg0MTgyLWN0eAo=",
            "label": "tallerlitmus-lke-cluster",
            "pool": [
              {
                "autoscaler": [],
                "count": 2,
                "id": 590363,
                "nodes": [
                  {
                    "id": "590363-31bf26540000",
                    "instance_id": 74263379,
                    "status": "ready"
                  },
                  {
                    "id": "590363-50824b250000",
                    "instance_id": 74263377,
                    "status": "ready"
                  }
                ],
                "type": "g6-standard-2"
              },
              {
                "autoscaler": [],
                "count": 1,
                "id": 590403,
                "nodes": [
                  {
                    "id": "590403-1e5078170000",
                    "instance_id": 74265669,
                    "status": "ready"
                  }
                ],
                "type": "g6-standard-1"
              },
              {
                "autoscaler": [],
                "count": 1,
                "id": 590404,
                "nodes": [
                  {
                    "id": "590404-3185512d0000",
                    "instance_id": 74265670,
                    "status": "ready"
                  }
                ],
                "type": "g6-standard-2"
              }
            ],
            "region": "us-west",
            "status": "ready",
            "tags": [
              "akamai",
              "alex",
              "litmus"
            ],
            "timeouts": null
          },
          "sensitive_attributes": [
            [
              {
                "type": "get_attr",
                "value": "kubeconfig"
              }
            ]
          ],
          "private": "eyJlMmJmYjczMC1lY2FhLTExZTYtOGY4OC0zNDM2M2JjN2M0YzAiOnsiY3JlYXRlIjoyMTAwMDAwMDAwMDAwLCJkZWxldGUiOjkwMDAwMDAwMDAwMCwidXBkYXRlIjoyNDAwMDAwMDAwMDAwfX0="
        }
      ]
    },
    {
      "mode": "managed",
      "type": "linode_nodebalancer",
      "name": "tallerlitmus_lb",
      "provider": "provider[\"registry.terraform.io/linode/linode\"]",
      "instances": [
        {
          "schema_version": 1,
          "attributes": {
            "client_conn_throttle": 0,
            "created": "2025-03-27T03:32:54Z",
            "hostname": "104-200-26-230.ip.linodeusercontent.com",
            "id": 1441570,
            "ipv4": "104.200.26.230",
            "ipv6": "2600:3c01:1::68c8:1ae6",
            "label": "tallerlitmus-lke-cluster-lb",
            "region": "us-west",
            "tags": null,
            "transfer": [
              {
                "in": 0.06233501434326172,
                "out": 0.05938720703125,
                "total": 0.12172222137451172
              }
            ],
            "updated": "2025-03-27T03:37:43Z"
          },
          "sensitive_attributes": []
        }
      ]
    },
    {
      "mode": "managed",
      "type": "linode_nodebalancer_config",
      "name": "tallerlitmus_lb_config",
      "provider": "provider[\"registry.terraform.io/linode/linode\"]",
      "instances": [
        {
          "schema_version": 1,
          "attributes": {
            "algorithm": "roundrobin",
            "check": "none",
            "check_attempts": 3,
            "check_body": "",
            "check_interval": 31,
            "check_passive": true,
            "check_path": "",
            "check_timeout": 30,
            "cipher_suite": "recommended",
            "id": "2240311",
            "node_status": [
              {
                "down": 0,
                "up": 1
              }
            ],
            "nodebalancer_id": 1441570,
            "port": 6443,
            "protocol": "tcp",
            "proxy_protocol": "none",
            "ssl_cert": null,
            "ssl_commonname": "",
            "ssl_fingerprint": "",
            "ssl_key": null,
            "stickiness": "none"
          },
          "sensitive_attributes": [
            [
              {
                "type": "get_attr",
                "value": "ssl_cert"
              }
            ],
            [
              {
                "type": "get_attr",
                "value": "ssl_key"
              }
            ]
          ],
          "private": "eyJzY2hlbWFfdmVyc2lvbiI6IjEifQ==",
          "dependencies": [
            "linode_nodebalancer.tallerlitmus_lb"
          ]
        }
      ]
    },
    {
      "mode": "managed",
      "type": "linode_nodebalancer_node",
      "name": "tallerlitmus_lb_node",
      "provider": "provider[\"registry.terraform.io/linode/linode\"]",
      "instances": [
        {
          "index_key": "proxy-1",
          "schema_version": 0,
          "attributes": {
            "address": "192.168.130.111:6443",
            "config_id": 2240311,
            "id": "2096694980",
            "label": "tallerlitmus-lke-cluster-node-pr",
            "mode": "accept",
            "nodebalancer_id": 1441570,
            "status": "UP",
            "weight": 100
          },
          "sensitive_attributes": [],
          "private": "bnVsbA==",
          "dependencies": [
            "linode_instance.proxy",
            "linode_lke_cluster.tallerlitmus",
            "linode_nodebalancer.tallerlitmus_lb",
            "linode_nodebalancer_config.tallerlitmus_lb_config"
          ]
        }
      ]
    },
    {
      "mode": "managed",
      "type": "linode_volume",
      "name": "db_volume",
      "provider": "provider[\"registry.terraform.io/linode/linode\"]",
      "instances": [
        {
          "schema_version": 0,
          "attributes": {
            "filesystem_path": "/dev/disk/by-id/scsi-0Linode_Volume_db-volume",
            "id": "8838647",
            "label": "db-volume",
            "linode_id": 0,
            "region": "us-west",
            "size": 20,
            "source_volume_id": null,
            "status": "active",
            "tags": [],
            "timeouts": null
          },
          "sensitive_attributes": [],
          "private": "eyJlMmJmYjczMC1lY2FhLTExZTYtOGY4OC0zNDM2M2JjN2M0YzAiOnsiY3JlYXRlIjo5MDAwMDAwMDAwMDAsImRlbGV0ZSI6NjAwMDAwMDAwMDAwLCJ1cGRhdGUiOjEyMDAwMDAwMDAwMDB9fQ=="
        }
      ]
    }
  ],
  "check_results": null
}
