{
  "version": 4,
  "terraform_version": "1.11.2",
  "serial": 15,
  "lineage": "e8714c95-faca-e0d1-b317-ac9eff0322cf",
  "outputs": {
    "api_endpoints": {
      "value": [
        "https://5d52b8b0-0041-475d-a710-c57c5c03db73.us-west-2-gw.linodelke.net:443",
        "https://5d52b8b0-0041-475d-a710-c57c5c03db73.us-west-2-gw.linodelke.net:6443"
      ],
      "type": [
        "list",
        "string"
      ]
    },
    "id": {
      "value": "388297",
      "type": "string"
    },
    "kubeconfig_debug": {
      "value": "CmFwaVZlcnNpb246IHYxCmtpbmQ6IENvbmZpZwpwcmVmZXJlbmNlczoge30KCmNsdXN0ZXJzOgotIGNsdXN0ZXI6CiAgICBjZXJ0aWZpY2F0ZS1hdXRob3JpdHktZGF0YTogTFMwdExTMUNSVWRKVGlCRFJWSlVTVVpKUTBGVVJTMHRMUzB0Q2sxSlNVUkNWRU5EUVdVeVowRjNTVUpCWjBsSllrdEJUVlJvVlZwWGRrVjNSRkZaU2t0dldrbG9kbU5PUVZGRlRFSlJRWGRHVkVWVVRVSkZSMEV4VlVVS1FYaE5TMkV6Vm1sYVdFcDFXbGhTYkdONlFXVkdkekI1VGxSQk1FMUVSWGROZWtVd1RsUmtZVVozTUhwT1ZFRjZUWHBCZDAxNlJUVk9WR1JoVFVKVmVBcEZla0ZTUW1kT1ZrSkJUVlJEYlhReFdXMVdlV0p0VmpCYVdFMTNaMmRGYVUxQk1FZERVM0ZIVTBsaU0wUlJSVUpCVVZWQlFUUkpRa1IzUVhkblowVkxDa0Z2U1VKQlVVUlFWVEV6VjI1V2FVdzJXak5XU21KRU5IQnFURk42V0hOeUwwMTVNMDEzYUhRdlkxWnpRelkxY0ZScFpHMHljSFZ1T0VaMGFXSTVhVFFLY0dwTFYzWnJaRUptWmtGNU9VMUxXVWd6VEdkVGJTc3lRbWhDVDB4bmJWbzBNMkpZVFd3dll6VnJPVVp5T1c1b09HRTFNbW8xVld0cGRIZHZUMjVCY1FvelEyWlVTbXRSWkhnNVpIRkplbk16U0RaVmJTOUtUV05hWW1SREwxaHpWWFJYWmlzeWJVZzFOVGhKYkRaVE1qVlBTWEZCVUhNM2JUQlBkWGxzVWpSMENtdHpWRkJFYm1Sc1F6Vm5NVFJXWjNGcGVIcHdhRmRyTTBFM01YbzVkRFJLWlUxR01HOTFXSFZsSzJwWU5HcDBTakF4TlVZM2NqQTFWRnBGWWtveU5FMEtiak5PUjJoRGFHdGlhbWxsYmtKRVJHcG1PVFJFWW1wR05WUXpZV1Z6UW1vdlJIZDBORWhxY0VSMFdubFVka1J1UkhGMFoyNVVSWE5GTjJGak16QXphQXAzWjJjeGFsWnNXbFl2V0dsRVZqQkxhemhRYkRKU1pGTTVWVU5XUVdkTlFrRkJSMnBYVkVKWVRVRTBSMEV4VldSRWQwVkNMM2RSUlVGM1NVTndSRUZRQ2tKblRsWklVazFDUVdZNFJVSlVRVVJCVVVndlRVSXdSMEV4VldSRVoxRlhRa0pSS3pSUlJFdGFRVzFYU0ZWdEszUm1ka1JhWXpOTVluTjBaR0ZxUVZZS1FtZE9Wa2hTUlVWRWFrRk5aMmR3Y21SWFNteGpiVFZzWkVkV2VrMUJNRWREVTNGSFUwbGlNMFJSUlVKRGQxVkJRVFJKUWtGUlExSmFhVFkwUjA0eVJ3bzRPRVpQT1daVWMwRndiVTFTTkM5dlJsTTFiRmxEV0ZScloxY3dhMkZMZW1SM1RtSkJWbmMzTTBJdlJFZHNkRTFMZVRSa1VUTkJlbWx2WlZsYU1VOVZDbHBhVkhZdlpscEVZbFV5UTNNd05XaFVXbU4zUVRNNFZUVlRNVnB1ZGsxMFdVeERTMlJsV205cGNreGpSSEJ1U1ROaGQyOWtNM2N4ZDBWeGVrVmFNbWtLUm1ObE5IaHJVVU5sYzNZM1JEaGtUWEZzYjNkeE9VcHVPVVJEUkRsTFV6Rm9ObkpFTjI1UGFVdHJkMkpvTDFKYVVrbGFaVWM0WTBWTVdETXZVV3BuTWdwc2VGbERVRVV5VEhvekt5OXRaa3hIVEUxbk5YaDZkM1p4VUVSR1dIbzFaRk51Tm5sQ2NVTTBVa1pNSzFwd1YxcGpjV2hpYWpOQ1FsY3lVVlV2ZWtzckNrMHhURVpwU2tZNFJHUndiMlUzTVdwRU5XRkxhak5VVW00NEwyNW1VSFZ6ZDFoTllVOTNVeko2VTNoSE1FeEthRll3VTNOdmNsRkxOM1poU0VOQ1kyOEthelYwTjBaNkwxWkVUbVJpQ2kwdExTMHRSVTVFSUVORlVsUkpSa2xEUVZSRkxTMHRMUzBLCiAgICBzZXJ2ZXI6IGh0dHBzOi8vNWQ1MmI4YjAtMDA0MS00NzVkLWE3MTAtYzU3YzVjMDNkYjczLnVzLXdlc3QtMi1ndy5saW5vZGVsa2UubmV0OjQ0MwogIG5hbWU6IGxrZTM4ODI5NwoKdXNlcnM6Ci0gbmFtZTogbGtlMzg4Mjk3LWFkbWluCiAgdXNlcjoKICAgIGFzLXVzZXItZXh0cmE6IHt9CiAgICB0b2tlbjogZXlKaGJHY2lPaUpTVXpJMU5pSXNJbXRwWkNJNklqTjZiVkk0ZG1GZk5VSmlVMnhhTW14Rk9XMVVRa3B5VW1oNGIwVkpNVGMwYlVGV05GVkpVbXRPTjNNaWZRLmV5SnBjM01pT2lKcmRXSmxjbTVsZEdWekwzTmxjblpwWTJWaFkyTnZkVzUwSWl3aWEzVmlaWEp1WlhSbGN5NXBieTl6WlhKMmFXTmxZV05qYjNWdWRDOXVZVzFsYzNCaFkyVWlPaUpyZFdKbExYTjVjM1JsYlNJc0ltdDFZbVZ5Ym1WMFpYTXVhVzh2YzJWeWRtbGpaV0ZqWTI5MWJuUXZjMlZqY21WMExtNWhiV1VpT2lKc2EyVXRZV1J0YVc0dGRHOXJaVzR0Tkc1bU9Ib2lMQ0pyZFdKbGNtNWxkR1Z6TG1sdkwzTmxjblpwWTJWaFkyTnZkVzUwTDNObGNuWnBZMlV0WVdOamIzVnVkQzV1WVcxbElqb2liR3RsTFdGa2JXbHVJaXdpYTNWaVpYSnVaWFJsY3k1cGJ5OXpaWEoyYVdObFlXTmpiM1Z1ZEM5elpYSjJhV05sTFdGalkyOTFiblF1ZFdsa0lqb2lOVFUwTkdNMVpEVXRaalE1TkMwME9XVTJMVGd4T0RrdFptUXpaalE1WldabU56VXlJaXdpYzNWaUlqb2ljM2x6ZEdWdE9uTmxjblpwWTJWaFkyTnZkVzUwT210MVltVXRjM2x6ZEdWdE9teHJaUzFoWkcxcGJpSjkubW9VX2NxQnZpVnVVV0tpQzNXRzU2c21YQk13X3VRaE9GN2x4R2lyTF85LUJLTDVwTjdBV1BwX2lpVEdQeVk1NmJhZ1NvU1VvRkg0VU9pMDNnYnRmX2duUktjM0pCMERtLVNLMDFxNjhTSFJJQ20zaFRoNDVaVUZZanN3Vk0wbmpaQjFMUUlOZzZvbmRzT2FZQm1DUllCVEVyZWwweFAwV3RGRFVUMzhVR3ZtYnhmSTNQaFRhVW45NlR1NTRhOWxsY0pJYm9MaFFmWm8yVy1HdGpKQ2J5OUdwdHpBLVEwcUMzdElzVGdwdmVwVFhhUnhoZ243b1pBemdoU282bVZWSWE3S2tJVkczZGgySEFhUkNNbVJzN1dwYWlMbFNIQmFyQ202WUJJS0pMTnNERzMyV3FHYXhOQmZ4aFJJRGpiSXlYeUtNTVcwTVVqeENQTWp0cUV0TUl3Cgpjb250ZXh0czoKLSBjb250ZXh0OgogICAgY2x1c3RlcjogbGtlMzg4Mjk3CiAgICBuYW1lc3BhY2U6IGRlZmF1bHQKICAgIHVzZXI6IGxrZTM4ODI5Ny1hZG1pbgogIG5hbWU6IGxrZTM4ODI5Ny1jdHgKCmN1cnJlbnQtY29udGV4dDogbGtlMzg4Mjk3LWN0eAo=",
      "type": "string",
      "sensitive": true
    },
    "kubeconfig_path": {
      "value": "./tallerlitmus-lke-cluster-demo-kubeconfig.yaml",
      "type": "string"
    },
    "linode_volume_id": {
      "value": "8905128",
      "type": "string"
    },
    "load_balancer_endpoint": {
      "value": "45.79.230.112",
      "type": "string"
    },
    "nodebalancer_address_debug": {
      "value": "45.79.230.112:6443",
      "type": "string"
    },
    "persistent_volume_claim_name": {
      "value": "db-pvc",
      "type": "string"
    },
    "persistent_volume_name": {
      "value": "db-pv-dev",
      "type": "string"
    },
    "pool": {
      "value": [
        {
          "autoscaler": [],
          "count": 2,
          "id": 594874,
          "nodes": [
            {
              "id": "594874-283f077c0000",
              "instance_id": 74462070,
              "status": "ready"
            },
            {
              "id": "594874-43d5b13a0000",
              "instance_id": 74462074,
              "status": "ready"
            }
          ],
          "type": "g6-standard-2"
        },
        {
          "autoscaler": [],
          "count": 1,
          "id": 594875,
          "nodes": [
            {
              "id": "594875-228dc6a90000",
              "instance_id": 74462071,
              "status": "ready"
            }
          ],
          "type": "g6-standard-1"
        },
        {
          "autoscaler": [],
          "count": 1,
          "id": 594876,
          "nodes": [
            {
              "id": "594876-28116adb0000",
              "instance_id": 74462073,
              "status": "ready"
            }
          ],
          "type": "g6-standard-2"
        }
      ],
      "type": [
        "list",
        [
          "object",
          {
            "autoscaler": [
              "list",
              [
                "object",
                {
                  "max": "number",
                  "min": "number"
                }
              ]
            ],
            "count": "number",
            "id": "number",
            "nodes": [
              "list",
              [
                "object",
                {
                  "id": "string",
                  "instance_id": "number",
                  "status": "string"
                }
              ]
            ],
            "type": "string"
          }
        ]
      ]
    },
    "postgresql_pod_name": {
      "value": "db",
      "type": "string"
    },
    "status": {
      "value": "ready",
      "type": "string"
    }
  },
  "resources": [
    {
      "mode": "managed",
      "type": "kubernetes_persistent_volume",
      "name": "db_pv",
      "provider": "provider[\"registry.terraform.io/hashicorp/kubernetes\"]",
      "instances": [
        {
          "schema_version": 0,
          "attributes": {
            "id": "db-pv-dev",
            "metadata": [
              {
                "annotations": null,
                "generation": 0,
                "labels": null,
                "name": "db-pv-dev",
                "resource_version": "1563",
                "uid": "8ec70e8a-9e79-450b-8be1-c70f61a96675"
              }
            ],
            "spec": [
              {
                "access_modes": [
                  "ReadWriteOnce"
                ],
                "capacity": {
                  "storage": "20Gi"
                },
                "claim_ref": [],
                "mount_options": null,
                "node_affinity": [],
                "persistent_volume_reclaim_policy": "Retain",
                "persistent_volume_source": [
                  {
                    "aws_elastic_block_store": [],
                    "azure_disk": [],
                    "azure_file": [],
                    "ceph_fs": [],
                    "cinder": [],
                    "csi": [],
                    "fc": [],
                    "flex_volume": [
                      {
                        "driver": "linode/linode-blockstorage",
                        "fs_type": "",
                        "options": {
                          "volumeID": "8905128"
                        },
                        "read_only": false,
                        "secret_ref": []
                      }
                    ],
                    "flocker": [],
                    "gce_persistent_disk": [],
                    "glusterfs": [],
                    "host_path": [],
                    "iscsi": [],
                    "local": [],
                    "nfs": [],
                    "photon_persistent_disk": [],
                    "quobyte": [],
                    "rbd": [],
                    "vsphere_volume": []
                  }
                ],
                "storage_class_name": "",
                "volume_mode": "Filesystem"
              }
            ],
            "timeouts": null
          },
          "sensitive_attributes": [],
          "private": "eyJlMmJmYjczMC1lY2FhLTExZTYtOGY4OC0zNDM2M2JjN2M0YzAiOnsiY3JlYXRlIjozMDAwMDAwMDAwMDB9fQ==",
          "dependencies": [
            "linode_volume.db_volume"
          ]
        }
      ]
    },
    {
      "mode": "managed",
      "type": "kubernetes_persistent_volume_claim",
      "name": "db_pvc",
      "provider": "provider[\"registry.terraform.io/hashicorp/kubernetes\"]",
      "instances": [
        {
          "schema_version": 0,
          "attributes": {
            "id": "default/db-pvc",
            "metadata": [
              {
                "annotations": null,
                "generate_name": "",
                "generation": 0,
                "labels": null,
                "name": "db-pvc",
                "namespace": "default",
                "resource_version": "1570",
                "uid": "bb90ecb0-573e-4958-a1d1-9d5cfc28757d"
              }
            ],
            "spec": [
              {
                "access_modes": [
                  "ReadWriteOnce"
                ],
                "resources": [
                  {
                    "limits": null,
                    "requests": {
                      "storage": "20Gi"
                    }
                  }
                ],
                "selector": [],
                "storage_class_name": "linode-block-storage-retain",
                "volume_mode": "Filesystem",
                "volume_name": "pvc-bb90ecb0573e4958"
              }
            ],
            "timeouts": null,
            "wait_until_bound": true
          },
          "sensitive_attributes": [],
          "private": "eyJlMmJmYjczMC1lY2FhLTExZTYtOGY4OC0zNDM2M2JjN2M0YzAiOnsiY3JlYXRlIjozMDAwMDAwMDAwMDB9fQ=="
        }
      ]
    },
    {
      "mode": "managed",
      "type": "kubernetes_pod",
      "name": "db_pod",
      "provider": "provider[\"registry.terraform.io/hashicorp/kubernetes\"]",
      "instances": [
        {
          "schema_version": 1,
          "attributes": {
            "id": "default/db",
            "metadata": [
              {
                "annotations": {
                  "cni.projectcalico.org/containerID": "4eb419b677ca2946c5a6883b62906eb95bee17589ca0d3d383d21f312ce52903",
                  "cni.projectcalico.org/podIP": "10.2.0.2/32",
                  "cni.projectcalico.org/podIPs": "10.2.0.2/32"
                },
                "generate_name": "",
                "generation": 0,
                "labels": {
                  "app": "db"
                },
                "name": "db",
                "namespace": "default",
                "resource_version": "1617",
                "uid": "cfaf34f7-1dd8-4fe9-8026-4010f5852613"
              }
            ],
            "spec": [
              {
                "active_deadline_seconds": 0,
                "affinity": [],
                "automount_service_account_token": true,
                "container": [
                  {
                    "args": null,
                    "command": null,
                    "env": [
                      {
                        "name": "POSTGRES_USER",
                        "value": "odoo",
                        "value_from": []
                      },
                      {
                        "name": "POSTGRES_PASSWORD",
                        "value": "odoo",
                        "value_from": []
                      },
                      {
                        "name": "POSTGRES_DB",
                        "value": "postgres",
                        "value_from": []
                      }
                    ],
                    "env_from": [],
                    "image": "postgres:15",
                    "image_pull_policy": "IfNotPresent",
                    "lifecycle": [],
                    "liveness_probe": [],
                    "name": "db",
                    "port": [
                      {
                        "container_port": 5432,
                        "host_ip": "",
                        "host_port": 0,
                        "name": "postgresql",
                        "protocol": "TCP"
                      }
                    ],
                    "readiness_probe": [],
                    "resources": [
                      {
                        "limits": {},
                        "requests": {}
                      }
                    ],
                    "security_context": [],
                    "startup_probe": [],
                    "stdin": false,
                    "stdin_once": false,
                    "termination_message_path": "/dev/termination-log",
                    "termination_message_policy": "File",
                    "tty": false,
                    "volume_device": [],
                    "volume_mount": [
                      {
                        "mount_path": "/var/lib/postgresql/data",
                        "mount_propagation": "None",
                        "name": "db-storage",
                        "read_only": false,
                        "sub_path": ""
                      }
                    ],
                    "working_dir": ""
                  }
                ],
                "dns_config": [],
                "dns_policy": "ClusterFirst",
                "enable_service_links": true,
                "host_aliases": [],
                "host_ipc": false,
                "host_network": false,
                "host_pid": false,
                "hostname": "",
                "image_pull_secrets": [],
                "init_container": [],
                "node_name": "lke388297-594876-28116adb0000",
                "node_selector": null,
                "os": [],
                "priority_class_name": "",
                "readiness_gate": [],
                "restart_policy": "Always",
                "runtime_class_name": "",
                "scheduler_name": "default-scheduler",
                "security_context": [],
                "service_account_name": "default",
                "share_process_namespace": false,
                "subdomain": "",
                "termination_grace_period_seconds": 30,
                "toleration": [],
                "topology_spread_constraint": [],
                "volume": [
                  {
                    "aws_elastic_block_store": [],
                    "azure_disk": [],
                    "azure_file": [],
                    "ceph_fs": [],
                    "cinder": [],
                    "config_map": [],
                    "csi": [],
                    "downward_api": [],
                    "empty_dir": [],
                    "ephemeral": [],
                    "fc": [],
                    "flex_volume": [],
                    "flocker": [],
                    "gce_persistent_disk": [],
                    "git_repo": [],
                    "glusterfs": [],
                    "host_path": [],
                    "iscsi": [],
                    "local": [],
                    "name": "db-storage",
                    "nfs": [],
                    "persistent_volume_claim": [
                      {
                        "claim_name": "db-pvc",
                        "read_only": false
                      }
                    ],
                    "photon_persistent_disk": [],
                    "projected": [],
                    "quobyte": [],
                    "rbd": [],
                    "secret": [],
                    "vsphere_volume": []
                  }
                ]
              }
            ],
            "target_state": null,
            "timeouts": null
          },
          "sensitive_attributes": [],
          "private": "eyJlMmJmYjczMC1lY2FhLTExZTYtOGY4OC0zNDM2M2JjN2M0YzAiOnsiY3JlYXRlIjozMDAwMDAwMDAwMDAsImRlbGV0ZSI6MzAwMDAwMDAwMDAwfSwic2NoZW1hX3ZlcnNpb24iOiIxIn0=",
          "dependencies": [
            "kubernetes_persistent_volume_claim.db_pvc"
          ]
        }
      ]
    },
    {
      "mode": "managed",
      "type": "linode_instance",
      "name": "proxy",
      "provider": "provider[\"registry.terraform.io/linode/linode\"]",
      "instances": [
        {
          "status": "tainted",
          "schema_version": 0,
          "attributes": {
            "alerts": [
              {
                "cpu": 90,
                "io": 10000,
                "network_in": 10,
                "network_out": 10,
                "transfer_quota": 80
              }
            ],
            "authorized_keys": null,
            "authorized_users": null,
            "backup_id": null,
            "backups": [
              {
                "available": false,
                "enabled": false,
                "schedule": [
                  {
                    "day": "",
                    "window": ""
                  }
                ]
              }
            ],
            "backups_enabled": false,
            "boot_config_label": "My Ubuntu 22.04 LTS Disk Profile",
            "booted": true,
            "config": [
              {
                "comments": "",
                "devices": [
                  {
                    "sda": [
                      {
                        "disk_id": 144380412,
                        "disk_label": "Ubuntu 22.04 LTS Disk",
                        "volume_id": 0
                      }
                    ],
                    "sdb": [
                      {
                        "disk_id": 144380415,
                        "disk_label": "512 MB Swap Image",
                        "volume_id": 0
                      }
                    ],
                    "sdc": [],
                    "sdd": [],
                    "sde": [],
                    "sdf": [],
                    "sdg": [],
                    "sdh": []
                  }
                ],
                "helpers": [
                  {
                    "devtmpfs_automount": true,
                    "distro": true,
                    "modules_dep": true,
                    "network": true,
                    "updatedb_disabled": true
                  }
                ],
                "interface": [],
                "kernel": "linode/grub2",
                "label": "My Ubuntu 22.04 LTS Disk Profile",
                "memory_limit": 0,
                "root_device": "/dev/sda",
                "run_level": "default",
                "virt_mode": "paravirt"
              }
            ],
            "disk": [
              {
                "authorized_keys": [],
                "authorized_users": [],
                "filesystem": "ext4",
                "id": 144380412,
                "image": "",
                "label": "Ubuntu 22.04 LTS Disk",
                "read_only": false,
                "root_pass": "",
                "size": 25088,
                "stackscript_data": {},
                "stackscript_id": 0
              },
              {
                "authorized_keys": [],
                "authorized_users": [],
                "filesystem": "swap",
                "id": 144380415,
                "image": "",
                "label": "512 MB Swap Image",
                "read_only": false,
                "root_pass": "",
                "size": 512,
                "stackscript_data": {},
                "stackscript_id": 0
              }
            ],
            "group": "",
            "has_user_data": false,
            "host_uuid": "ee0114cb6c39be4250b320635d1cff133e431982",
            "id": "74462289",
            "image": "linode/ubuntu22.04",
            "interface": [],
            "ip_address": "173.255.214.142",
            "ipv4": [
              "173.255.214.142",
              "192.168.178.6"
            ],
            "ipv6": "2600:3c01::f03c:95ff:fe3c:9e46/128",
            "label": "dev-lke-cluster-proxy",
            "metadata": [],
            "private_ip": true,
            "private_ip_address": "192.168.178.6",
            "region": "us-west",
            "resize_disk": false,
            "root_pass": "AOjUjZ81snouzNS3gsotD0XLwcLvAaDueSNq1uRqFdLX7D0kIlpIdjbc99mz1OZqHVS2EVe+GHo8N6uLe0EeKg==",
            "shared_ipv4": [],
            "specs": [
              {
                "disk": 25600,
                "memory": 1024,
                "transfer": 1000,
                "vcpus": 1
              }
            ],
            "stackscript_data": null,
            "stackscript_id": null,
            "status": "running",
            "swap_size": 512,
            "tags": null,
            "timeouts": null,
            "type": "g6-nanode-1",
            "watchdog_enabled": true
          },
          "sensitive_attributes": [
            [
              {
                "type": "get_attr",
                "value": "stackscript_data"
              }
            ],
            [
              {
                "type": "get_attr",
                "value": "root_pass"
              }
            ],
            [
              {
                "type": "get_attr",
                "value": "disk"
              },
              {
                "type": "index",
                "value": {
                  "value": 0,
                  "type": "number"
                }
              },
              {
                "type": "get_attr",
                "value": "stackscript_data"
              }
            ],
            [
              {
                "type": "get_attr",
                "value": "disk"
              },
              {
                "type": "index",
                "value": {
                  "value": 0,
                  "type": "number"
                }
              },
              {
                "type": "get_attr",
                "value": "root_pass"
              }
            ],
            [
              {
                "type": "get_attr",
                "value": "disk"
              },
              {
                "type": "index",
                "value": {
                  "value": 1,
                  "type": "number"
                }
              },
              {
                "type": "get_attr",
                "value": "root_pass"
              }
            ],
            [
              {
                "type": "get_attr",
                "value": "disk"
              },
              {
                "type": "index",
                "value": {
                  "value": 1,
                  "type": "number"
                }
              },
              {
                "type": "get_attr",
                "value": "stackscript_data"
              }
            ]
          ],
          "private": "eyJlMmJmYjczMC1lY2FhLTExZTYtOGY4OC0zNDM2M2JjN2M0YzAiOnsiY3JlYXRlIjo5MDAwMDAwMDAwMDAsImRlbGV0ZSI6NjAwMDAwMDAwMDAwLCJ1cGRhdGUiOjE1MDAwMDAwMDAwMDB9fQ==",
          "dependencies": [
            "linode_lke_cluster.tallerlitmus"
          ]
        }
      ]
    },
    {
      "mode": "managed",
      "type": "linode_lke_cluster",
      "name": "tallerlitmus",
      "provider": "provider[\"registry.terraform.io/linode/linode\"]",
      "instances": [
        {
          "schema_version": 0,
          "attributes": {
            "api_endpoints": [
              "https://5d52b8b0-0041-475d-a710-c57c5c03db73.us-west-2-gw.linodelke.net:443",
              "https://5d52b8b0-0041-475d-a710-c57c5c03db73.us-west-2-gw.linodelke.net:6443"
            ],
            "control_plane": [
              {
                "high_availability": false
              }
            ],
            "dashboard_url": "https://f7707cfd-d3f2-4edc-a3bb-cff5ea8167f7.us-west-2-gw.linodelke.net",
            "id": "388297",
            "k8s_version": "1.32",
            "kubeconfig": "CmFwaVZlcnNpb246IHYxCmtpbmQ6IENvbmZpZwpwcmVmZXJlbmNlczoge30KCmNsdXN0ZXJzOgotIGNsdXN0ZXI6CiAgICBjZXJ0aWZpY2F0ZS1hdXRob3JpdHktZGF0YTogTFMwdExTMUNSVWRKVGlCRFJWSlVTVVpKUTBGVVJTMHRMUzB0Q2sxSlNVUkNWRU5EUVdVeVowRjNTVUpCWjBsSllrdEJUVlJvVlZwWGRrVjNSRkZaU2t0dldrbG9kbU5PUVZGRlRFSlJRWGRHVkVWVVRVSkZSMEV4VlVVS1FYaE5TMkV6Vm1sYVdFcDFXbGhTYkdONlFXVkdkekI1VGxSQk1FMUVSWGROZWtVd1RsUmtZVVozTUhwT1ZFRjZUWHBCZDAxNlJUVk9WR1JoVFVKVmVBcEZla0ZTUW1kT1ZrSkJUVlJEYlhReFdXMVdlV0p0VmpCYVdFMTNaMmRGYVUxQk1FZERVM0ZIVTBsaU0wUlJSVUpCVVZWQlFUUkpRa1IzUVhkblowVkxDa0Z2U1VKQlVVUlFWVEV6VjI1V2FVdzJXak5XU21KRU5IQnFURk42V0hOeUwwMTVNMDEzYUhRdlkxWnpRelkxY0ZScFpHMHljSFZ1T0VaMGFXSTVhVFFLY0dwTFYzWnJaRUptWmtGNU9VMUxXVWd6VEdkVGJTc3lRbWhDVDB4bmJWbzBNMkpZVFd3dll6VnJPVVp5T1c1b09HRTFNbW8xVld0cGRIZHZUMjVCY1FvelEyWlVTbXRSWkhnNVpIRkplbk16U0RaVmJTOUtUV05hWW1SREwxaHpWWFJYWmlzeWJVZzFOVGhKYkRaVE1qVlBTWEZCVUhNM2JUQlBkWGxzVWpSMENtdHpWRkJFYm1Sc1F6Vm5NVFJXWjNGcGVIcHdhRmRyTTBFM01YbzVkRFJLWlUxR01HOTFXSFZsSzJwWU5HcDBTakF4TlVZM2NqQTFWRnBGWWtveU5FMEtiak5PUjJoRGFHdGlhbWxsYmtKRVJHcG1PVFJFWW1wR05WUXpZV1Z6UW1vdlJIZDBORWhxY0VSMFdubFVka1J1UkhGMFoyNVVSWE5GTjJGak16QXphQXAzWjJjeGFsWnNXbFl2V0dsRVZqQkxhemhRYkRKU1pGTTVWVU5XUVdkTlFrRkJSMnBYVkVKWVRVRTBSMEV4VldSRWQwVkNMM2RSUlVGM1NVTndSRUZRQ2tKblRsWklVazFDUVdZNFJVSlVRVVJCVVVndlRVSXdSMEV4VldSRVoxRlhRa0pSS3pSUlJFdGFRVzFYU0ZWdEszUm1ka1JhWXpOTVluTjBaR0ZxUVZZS1FtZE9Wa2hTUlVWRWFrRk5aMmR3Y21SWFNteGpiVFZzWkVkV2VrMUJNRWREVTNGSFUwbGlNMFJSUlVKRGQxVkJRVFJKUWtGUlExSmFhVFkwUjA0eVJ3bzRPRVpQT1daVWMwRndiVTFTTkM5dlJsTTFiRmxEV0ZScloxY3dhMkZMZW1SM1RtSkJWbmMzTTBJdlJFZHNkRTFMZVRSa1VUTkJlbWx2WlZsYU1VOVZDbHBhVkhZdlpscEVZbFV5UTNNd05XaFVXbU4zUVRNNFZUVlRNVnB1ZGsxMFdVeERTMlJsV205cGNreGpSSEJ1U1ROaGQyOWtNM2N4ZDBWeGVrVmFNbWtLUm1ObE5IaHJVVU5sYzNZM1JEaGtUWEZzYjNkeE9VcHVPVVJEUkRsTFV6Rm9ObkpFTjI1UGFVdHJkMkpvTDFKYVVrbGFaVWM0WTBWTVdETXZVV3BuTWdwc2VGbERVRVV5VEhvekt5OXRaa3hIVEUxbk5YaDZkM1p4VUVSR1dIbzFaRk51Tm5sQ2NVTTBVa1pNSzFwd1YxcGpjV2hpYWpOQ1FsY3lVVlV2ZWtzckNrMHhURVpwU2tZNFJHUndiMlUzTVdwRU5XRkxhak5VVW00NEwyNW1VSFZ6ZDFoTllVOTNVeko2VTNoSE1FeEthRll3VTNOdmNsRkxOM1poU0VOQ1kyOEthelYwTjBaNkwxWkVUbVJpQ2kwdExTMHRSVTVFSUVORlVsUkpSa2xEUVZSRkxTMHRMUzBLCiAgICBzZXJ2ZXI6IGh0dHBzOi8vNWQ1MmI4YjAtMDA0MS00NzVkLWE3MTAtYzU3YzVjMDNkYjczLnVzLXdlc3QtMi1ndy5saW5vZGVsa2UubmV0OjQ0MwogIG5hbWU6IGxrZTM4ODI5NwoKdXNlcnM6Ci0gbmFtZTogbGtlMzg4Mjk3LWFkbWluCiAgdXNlcjoKICAgIGFzLXVzZXItZXh0cmE6IHt9CiAgICB0b2tlbjogZXlKaGJHY2lPaUpTVXpJMU5pSXNJbXRwWkNJNklqTjZiVkk0ZG1GZk5VSmlVMnhhTW14Rk9XMVVRa3B5VW1oNGIwVkpNVGMwYlVGV05GVkpVbXRPTjNNaWZRLmV5SnBjM01pT2lKcmRXSmxjbTVsZEdWekwzTmxjblpwWTJWaFkyTnZkVzUwSWl3aWEzVmlaWEp1WlhSbGN5NXBieTl6WlhKMmFXTmxZV05qYjNWdWRDOXVZVzFsYzNCaFkyVWlPaUpyZFdKbExYTjVjM1JsYlNJc0ltdDFZbVZ5Ym1WMFpYTXVhVzh2YzJWeWRtbGpaV0ZqWTI5MWJuUXZjMlZqY21WMExtNWhiV1VpT2lKc2EyVXRZV1J0YVc0dGRHOXJaVzR0Tkc1bU9Ib2lMQ0pyZFdKbGNtNWxkR1Z6TG1sdkwzTmxjblpwWTJWaFkyTnZkVzUwTDNObGNuWnBZMlV0WVdOamIzVnVkQzV1WVcxbElqb2liR3RsTFdGa2JXbHVJaXdpYTNWaVpYSnVaWFJsY3k1cGJ5OXpaWEoyYVdObFlXTmpiM1Z1ZEM5elpYSjJhV05sTFdGalkyOTFiblF1ZFdsa0lqb2lOVFUwTkdNMVpEVXRaalE1TkMwME9XVTJMVGd4T0RrdFptUXpaalE1WldabU56VXlJaXdpYzNWaUlqb2ljM2x6ZEdWdE9uTmxjblpwWTJWaFkyTnZkVzUwT210MVltVXRjM2x6ZEdWdE9teHJaUzFoWkcxcGJpSjkubW9VX2NxQnZpVnVVV0tpQzNXRzU2c21YQk13X3VRaE9GN2x4R2lyTF85LUJLTDVwTjdBV1BwX2lpVEdQeVk1NmJhZ1NvU1VvRkg0VU9pMDNnYnRmX2duUktjM0pCMERtLVNLMDFxNjhTSFJJQ20zaFRoNDVaVUZZanN3Vk0wbmpaQjFMUUlOZzZvbmRzT2FZQm1DUllCVEVyZWwweFAwV3RGRFVUMzhVR3ZtYnhmSTNQaFRhVW45NlR1NTRhOWxsY0pJYm9MaFFmWm8yVy1HdGpKQ2J5OUdwdHpBLVEwcUMzdElzVGdwdmVwVFhhUnhoZ243b1pBemdoU282bVZWSWE3S2tJVkczZGgySEFhUkNNbVJzN1dwYWlMbFNIQmFyQ202WUJJS0pMTnNERzMyV3FHYXhOQmZ4aFJJRGpiSXlYeUtNTVcwTVVqeENQTWp0cUV0TUl3Cgpjb250ZXh0czoKLSBjb250ZXh0OgogICAgY2x1c3RlcjogbGtlMzg4Mjk3CiAgICBuYW1lc3BhY2U6IGRlZmF1bHQKICAgIHVzZXI6IGxrZTM4ODI5Ny1hZG1pbgogIG5hbWU6IGxrZTM4ODI5Ny1jdHgKCmN1cnJlbnQtY29udGV4dDogbGtlMzg4Mjk3LWN0eAo=",
            "label": "dev-lke-cluster-demo",
            "pool": [
              {
                "autoscaler": [],
                "count": 2,
                "id": 594874,
                "nodes": [
                  {
                    "id": "594874-283f077c0000",
                    "instance_id": 74462070,
                    "status": "ready"
                  },
                  {
                    "id": "594874-43d5b13a0000",
                    "instance_id": 74462074,
                    "status": "ready"
                  }
                ],
                "type": "g6-standard-2"
              },
              {
                "autoscaler": [],
                "count": 1,
                "id": 594875,
                "nodes": [
                  {
                    "id": "594875-228dc6a90000",
                    "instance_id": 74462071,
                    "status": "ready"
                  }
                ],
                "type": "g6-standard-1"
              },
              {
                "autoscaler": [],
                "count": 1,
                "id": 594876,
                "nodes": [
                  {
                    "id": "594876-28116adb0000",
                    "instance_id": 74462073,
                    "status": "ready"
                  }
                ],
                "type": "g6-standard-2"
              }
            ],
            "region": "us-west",
            "status": "ready",
            "tags": [
              "akamai",
              "alex",
              "litmus"
            ],
            "timeouts": null
          },
          "sensitive_attributes": [
            [
              {
                "type": "get_attr",
                "value": "kubeconfig"
              }
            ]
          ],
          "private": "eyJlMmJmYjczMC1lY2FhLTExZTYtOGY4OC0zNDM2M2JjN2M0YzAiOnsiY3JlYXRlIjoyMTAwMDAwMDAwMDAwLCJkZWxldGUiOjkwMDAwMDAwMDAwMCwidXBkYXRlIjoyNDAwMDAwMDAwMDAwfX0="
        }
      ]
    },
    {
      "mode": "managed",
      "type": "linode_nodebalancer",
      "name": "tallerlitmus_lb",
      "provider": "provider[\"registry.terraform.io/linode/linode\"]",
      "instances": [
        {
          "schema_version": 1,
          "attributes": {
            "client_conn_throttle": 0,
            "created": "2025-04-01T03:19:44Z",
            "hostname": "45-79-230-112.ip.linodeusercontent.com",
            "id": 1451368,
            "ipv4": "45.79.230.112",
            "ipv6": "2600:3c01:1::2d4f:e670",
            "label": "dev-lke-cluster-lb",
            "region": "us-west",
            "tags": null,
            "transfer": [
              {
                "in": 0.0069427490234375,
                "out": 0.0072479248046875,
                "total": 0.014190673828125
              }
            ],
            "updated": "2025-04-01T03:20:15Z"
          },
          "sensitive_attributes": []
        }
      ]
    },
    {
      "mode": "managed",
      "type": "linode_nodebalancer_config",
      "name": "tallerlitmus_lb_config",
      "provider": "provider[\"registry.terraform.io/linode/linode\"]",
      "instances": [
        {
          "schema_version": 1,
          "attributes": {
            "algorithm": "roundrobin",
            "check": "none",
            "check_attempts": 3,
            "check_body": "",
            "check_interval": 31,
            "check_passive": true,
            "check_path": "",
            "check_timeout": 30,
            "cipher_suite": "recommended",
            "id": "2252724",
            "node_status": [
              {
                "down": 0,
                "up": 0
              }
            ],
            "nodebalancer_id": 1451368,
            "port": 6443,
            "protocol": "tcp",
            "proxy_protocol": "none",
            "ssl_cert": null,
            "ssl_commonname": "",
            "ssl_fingerprint": "",
            "ssl_key": null,
            "stickiness": "none"
          },
          "sensitive_attributes": [
            [
              {
                "type": "get_attr",
                "value": "ssl_key"
              }
            ],
            [
              {
                "type": "get_attr",
                "value": "ssl_cert"
              }
            ]
          ],
          "private": "eyJzY2hlbWFfdmVyc2lvbiI6IjEifQ==",
          "dependencies": [
            "linode_nodebalancer.tallerlitmus_lb"
          ]
        }
      ]
    },
    {
      "mode": "managed",
      "type": "linode_volume",
      "name": "db_volume",
      "provider": "provider[\"registry.terraform.io/linode/linode\"]",
      "instances": [
        {
          "schema_version": 0,
          "attributes": {
            "filesystem_path": "/dev/disk/by-id/scsi-0Linode_Volume_db-volume",
            "id": "8905128",
            "label": "db-volume",
            "linode_id": 0,
            "region": "us-west",
            "size": 20,
            "source_volume_id": null,
            "status": "active",
            "tags": [],
            "timeouts": null
          },
          "sensitive_attributes": [],
          "private": "eyJlMmJmYjczMC1lY2FhLTExZTYtOGY4OC0zNDM2M2JjN2M0YzAiOnsiY3JlYXRlIjo5MDAwMDAwMDAwMDAsImRlbGV0ZSI6NjAwMDAwMDAwMDAwLCJ1cGRhdGUiOjEyMDAwMDAwMDAwMDB9fQ=="
        }
      ]
    },
    {
      "mode": "managed",
      "type": "null_resource",
      "name": "install_datadog_agent_workers",
      "provider": "provider[\"registry.terraform.io/hashicorp/null\"]",
      "instances": []
    }
  ],
  "check_results": null
}
